{
  "object": {
    "pins": [
      {
        "package": "Madog",
        "repositoryURL": "https://github.com/cerihughes/madog.git",
        "state": {
          "branch": null,
          "revision": "1eab92c525949bbd6e2cca37019a116b3f6a1171",
          "version": "5.0.0"
        }
      },
      {
        "package": "MGMRemoteApiClient",
        "repositoryURL": "https://github.com/cerihughes/mgm-schema",
        "state": {
          "branch": null,
          "revision": "4897a6f8d5892b81e6a547bd44d5691d8ad13841",
          "version": "1.18.0"
        }
      },
      {
        "package": "Provident",
        "repositoryURL": "https://github.com/cerihughes/provident.git",
        "state": {
          "branch": null,
          "revision": "03dec1a8d8d413dd93fa9f24143d6072c6906ea3",
          "version": "3.0.0"
        }
      },
      {
        "package": "SnapKit",
        "repositoryURL": "https://github.com/SnapKit/SnapKit",
        "state": {
          "branch": null,
          "revision": "d458564516e5676af9c70b4f4b2a9178294f1bc6",
          "version": "5.0.1"
        }
      }
    ]
  },
  "version": 1
}
