PODS:
  - FBSnapshotTestCase/Core (2.0.7)
  - OCHamcrest (5.2.0)
  - OCMockito (3.0.1):
    - OCHamcrest (~> 5.1)
  - OHHTTPStubs (4.7.0):
    - OHHTTPStubs/Default (= 4.7.0)
  - OHHTTPStubs/Core (4.7.0)
  - OHHTTPStubs/Default (4.7.0):
    - OHHTTPStubs/Core
    - OHHTTPStubs/JSON
    - OHHTTPStubs/NSURLSession
    - OHHTTPStubs/OHPathHelpers
  - OHHTTPStubs/JSON (4.7.0):
    - OHHTTPStubs/Core
  - OHHTTPStubs/NSURLSession (4.7.0):
    - OHHTTPStubs/Core
  - OHHTTPStubs/OHPathHelpers (4.7.0)
  - SPTDataLoader (1.1.0)

DEPENDENCIES:
  - FBSnapshotTestCase/Core
  - OCMockito (~> 3.0)
  - OHHTTPStubs
  - SPTDataLoader (~> 1.0)

SPEC CHECKSUMS:
  FBSnapshotTestCase: 7e85180d0d141a0cf472352edda7e80d7eaeb547
  OCHamcrest: 218dc4022a5e928a275771da70c5dbea9f859287
  OCMockito: 9eee3c61e42f7cb8aa015d66f8cc16849701d973
  OHHTTPStubs: d2bf6a0f407620d67e75a1d3f12d86a2b1dd15c0
  SPTDataLoader: 2e47b36f070cc627ab28d5a7ab601f8c6d763c8a

COCOAPODS: 0.39.0
