// !$*UTF8*$!
{
	archiveVersion = 1;
	classes = {
	};
	objectVersion = 46;
	objects = {

/* Begin PBXBuildFile section */
		6508CB16176BACF400594244 /* MGMSpotifyDao.m in Sources */ = {isa = PBXBuildFile; fileRef = 6508CB15176BACF400594244 /* MGMSpotifyDao.m */; };
		6508CB17176BACF400594244 /* MGMSpotifyDao.m in Sources */ = {isa = PBXBuildFile; fileRef = 6508CB15176BACF400594244 /* MGMSpotifyDao.m */; };
		6508CB1A176BB05700594244 /* MGMDao.m in Sources */ = {isa = PBXBuildFile; fileRef = 6508CB19176BB05700594244 /* MGMDao.m */; };
		6508CB1B176BB05700594244 /* MGMDao.m in Sources */ = {isa = PBXBuildFile; fileRef = 6508CB19176BB05700594244 /* MGMDao.m */; };
		6509FF6E17AC5F4700DE68DE /* MGMAlbumMetadataDao.m in Sources */ = {isa = PBXBuildFile; fileRef = 6509FF6D17AC5F4700DE68DE /* MGMAlbumMetadataDao.m */; };
		6509FF6F17AC5F4700DE68DE /* MGMAlbumMetadataDao.m in Sources */ = {isa = PBXBuildFile; fileRef = 6509FF6D17AC5F4700DE68DE /* MGMAlbumMetadataDao.m */; };
		650B7B9F17BEBA5400B14305 /* MGMAlbumDto.m in Sources */ = {isa = PBXBuildFile; fileRef = 650B7B9E17BEBA5400B14305 /* MGMAlbumDto.m */; };
		650B7BA017BEBA5400B14305 /* MGMAlbumDto.m in Sources */ = {isa = PBXBuildFile; fileRef = 650B7B9E17BEBA5400B14305 /* MGMAlbumDto.m */; };
		650B7BA317BEBA7E00B14305 /* MGMTimePeriodDto.m in Sources */ = {isa = PBXBuildFile; fileRef = 650B7BA217BEBA7E00B14305 /* MGMTimePeriodDto.m */; };
		650B7BA417BEBA7E00B14305 /* MGMTimePeriodDto.m in Sources */ = {isa = PBXBuildFile; fileRef = 650B7BA217BEBA7E00B14305 /* MGMTimePeriodDto.m */; };
		650B7BA717BEBA9F00B14305 /* MGMWeeklyChartDto.m in Sources */ = {isa = PBXBuildFile; fileRef = 650B7BA617BEBA9F00B14305 /* MGMWeeklyChartDto.m */; };
		650B7BA817BEBA9F00B14305 /* MGMWeeklyChartDto.m in Sources */ = {isa = PBXBuildFile; fileRef = 650B7BA617BEBA9F00B14305 /* MGMWeeklyChartDto.m */; };
		650B7BAB17BEBAAF00B14305 /* MGMChartEntryDto.m in Sources */ = {isa = PBXBuildFile; fileRef = 650B7BAA17BEBAAF00B14305 /* MGMChartEntryDto.m */; };
		650B7BAC17BEBAAF00B14305 /* MGMChartEntryDto.m in Sources */ = {isa = PBXBuildFile; fileRef = 650B7BAA17BEBAAF00B14305 /* MGMChartEntryDto.m */; };
		650B7BAF17BEBAD300B14305 /* MGMEventDto.m in Sources */ = {isa = PBXBuildFile; fileRef = 650B7BAE17BEBAD300B14305 /* MGMEventDto.m */; };
		650B7BB017BEBAD300B14305 /* MGMEventDto.m in Sources */ = {isa = PBXBuildFile; fileRef = 650B7BAE17BEBAD300B14305 /* MGMEventDto.m */; };
		650B7BB317BEBAE200B14305 /* MGMAlbumImageUriDto.m in Sources */ = {isa = PBXBuildFile; fileRef = 650B7BB217BEBAE200B14305 /* MGMAlbumImageUriDto.m */; };
		650B7BB417BEBAE200B14305 /* MGMAlbumImageUriDto.m in Sources */ = {isa = PBXBuildFile; fileRef = 650B7BB217BEBAE200B14305 /* MGMAlbumImageUriDto.m */; };
		650B7BB717BEBAEF00B14305 /* MGMAlbumMetadataDto.m in Sources */ = {isa = PBXBuildFile; fileRef = 650B7BB617BEBAEF00B14305 /* MGMAlbumMetadataDto.m */; };
		650B7BB817BEBAEF00B14305 /* MGMAlbumMetadataDto.m in Sources */ = {isa = PBXBuildFile; fileRef = 650B7BB617BEBAEF00B14305 /* MGMAlbumMetadataDto.m */; };
		650B7BC317BEC03500B14305 /* MGMCoreDataDaoSync.m in Sources */ = {isa = PBXBuildFile; fileRef = 650B7BC217BEC03500B14305 /* MGMCoreDataDaoSync.m */; };
		650B7BC417BEC03500B14305 /* MGMCoreDataDaoSync.m in Sources */ = {isa = PBXBuildFile; fileRef = 650B7BC217BEC03500B14305 /* MGMCoreDataDaoSync.m */; };
		650BEEFC17BBE212008A57AF /* MGMAlbumMetadata.m in Sources */ = {isa = PBXBuildFile; fileRef = 650BEEFB17BBE212008A57AF /* MGMAlbumMetadata.m */; };
		650BEEFD17BBE212008A57AF /* MGMAlbumMetadata.m in Sources */ = {isa = PBXBuildFile; fileRef = 650BEEFB17BBE212008A57AF /* MGMAlbumMetadata.m */; };
		650BEF0017BBE213008A57AF /* MGMAlbumImageUri.m in Sources */ = {isa = PBXBuildFile; fileRef = 650BEEFF17BBE213008A57AF /* MGMAlbumImageUri.m */; };
		650BEF0117BBE213008A57AF /* MGMAlbumImageUri.m in Sources */ = {isa = PBXBuildFile; fileRef = 650BEEFF17BBE213008A57AF /* MGMAlbumImageUri.m */; };
		650BF24B17B97DAB00020C2B /* MGMChartEntry.m in Sources */ = {isa = PBXBuildFile; fileRef = 650BF24A17B97DAB00020C2B /* MGMChartEntry.m */; };
		650BF24C17B97DAB00020C2B /* MGMChartEntry.m in Sources */ = {isa = PBXBuildFile; fileRef = 650BF24A17B97DAB00020C2B /* MGMChartEntry.m */; };
		650F13C217AABB060048226A /* MGMAlbumView.m in Sources */ = {isa = PBXBuildFile; fileRef = 650F13C117AABB060048226A /* MGMAlbumView.m */; };
		651238C817B16C3300C5D353 /* MGMAbstractEventController.m in Sources */ = {isa = PBXBuildFile; fileRef = 651238C717B16C3300C5D353 /* MGMAbstractEventController.m */; };
		651CC69F176F9455007B7F0D /* MGMWeeklyChartAlbumsView.m in Sources */ = {isa = PBXBuildFile; fileRef = 651CC69E176F9455007B7F0D /* MGMWeeklyChartAlbumsView.m */; };
		65215F9A176BA64300250168 /* MGMDaoFactory.m in Sources */ = {isa = PBXBuildFile; fileRef = 65215F99176BA64300250168 /* MGMDaoFactory.m */; };
		6523827B17AD094E00FAE0B3 /* MGMEventsViewController~iphone.xib in Resources */ = {isa = PBXBuildFile; fileRef = 6523827A17AD094E00FAE0B3 /* MGMEventsViewController~iphone.xib */; };
		65291B01177606E2002595AC /* UIViewController+MGMAdditions.m in Sources */ = {isa = PBXBuildFile; fileRef = 65291B00177606E2002595AC /* UIViewController+MGMAdditions.m */; };
		65291B0617761A75002595AC /* MGMWeeklyChartViewController~iphone.xib in Resources */ = {isa = PBXBuildFile; fileRef = 65291B0517761A75002595AC /* MGMWeeklyChartViewController~iphone.xib */; };
		65291B0817762539002595AC /* MGMWeeklyChartViewController~ipad.xib in Resources */ = {isa = PBXBuildFile; fileRef = 65291B0717762539002595AC /* MGMWeeklyChartViewController~ipad.xib */; };
		652ABF88179EFE59005C8501 /* MGMPulsatingAlbumsView.m in Sources */ = {isa = PBXBuildFile; fileRef = 652ABF87179EFE59005C8501 /* MGMPulsatingAlbumsView.m */; };
		652C8712179DBC370059595E /* wikipedia.png in Resources */ = {isa = PBXBuildFile; fileRef = 652C8711179DBC370059595E /* wikipedia.png */; };
		652C8714179DBDEB0059595E /* youtube.png in Resources */ = {isa = PBXBuildFile; fileRef = 652C8713179DBDEB0059595E /* youtube.png */; };
		652C8718179DD53C0059595E /* MGMWebViewController.m in Sources */ = {isa = PBXBuildFile; fileRef = 652C8717179DD53C0059595E /* MGMWebViewController.m */; };
		652C871A179DD6AE0059595E /* MGMWebViewController~ipad.xib in Resources */ = {isa = PBXBuildFile; fileRef = 652C8719179DD6AE0059595E /* MGMWebViewController~ipad.xib */; };
		652FD00517722BFC00CF5F89 /* MGMGridManager.m in Sources */ = {isa = PBXBuildFile; fileRef = 652FD00417722BFC00CF5F89 /* MGMGridManager.m */; };
		652FD00617722BFC00CF5F89 /* MGMGridManager.m in Sources */ = {isa = PBXBuildFile; fileRef = 652FD00417722BFC00CF5F89 /* MGMGridManager.m */; };
		653B6BBB175FD13F005D372C /* MGMLastFmDao.m in Sources */ = {isa = PBXBuildFile; fileRef = 653B6BBA175FD13F005D372C /* MGMLastFmDao.m */; };
		653B6BBC175FD13F005D372C /* MGMLastFmDao.m in Sources */ = {isa = PBXBuildFile; fileRef = 653B6BBA175FD13F005D372C /* MGMLastFmDao.m */; };
		653B6BC7175FDB4B005D372C /* MGMWeeklyChartViewController.m in Sources */ = {isa = PBXBuildFile; fileRef = 653B6BBE175FDB4B005D372C /* MGMWeeklyChartViewController.m */; };
		653B6BC8175FDB4B005D372C /* MGMCore.m in Sources */ = {isa = PBXBuildFile; fileRef = 653B6BC0175FDB4B005D372C /* MGMCore.m */; };
		653B6BC9175FDB4B005D372C /* MGMUI.m in Sources */ = {isa = PBXBuildFile; fileRef = 653B6BC2175FDB4B005D372C /* MGMUI.m */; };
		653B6BCA175FDB4B005D372C /* MGMView.m in Sources */ = {isa = PBXBuildFile; fileRef = 653B6BC4175FDB4B005D372C /* MGMView.m */; };
		653B6BCE175FDCAB005D372C /* MGMTransitionViewController.m in Sources */ = {isa = PBXBuildFile; fileRef = 653B6BCD175FDCAA005D372C /* MGMTransitionViewController.m */; };
		6554DE3417A053F0006A2A29 /* MGM_icon.png in Resources */ = {isa = PBXBuildFile; fileRef = 6554DE3317A053F0006A2A29 /* MGM_icon.png */; };
		656D01B3176C5DB900B9B0B3 /* lastfm.png in Resources */ = {isa = PBXBuildFile; fileRef = 656D01B1176C5DB900B9B0B3 /* lastfm.png */; };
		656D01B4176C5DB900B9B0B3 /* spotify.png in Resources */ = {isa = PBXBuildFile; fileRef = 656D01B2176C5DB900B9B0B3 /* spotify.png */; };
		656D01B7176C5EC500B9B0B3 /* MGMImageHelper.m in Sources */ = {isa = PBXBuildFile; fileRef = 656D01B6176C5EC500B9B0B3 /* MGMImageHelper.m */; };
		65936A0917BCB1150070A9C6 /* MGMCoreDataTestCase.m in Sources */ = {isa = PBXBuildFile; fileRef = 65936A0817BCB1150070A9C6 /* MGMCoreDataTestCase.m */; };
		65936A0A17BCB2840070A9C6 /* CoreData.framework in Frameworks */ = {isa = PBXBuildFile; fileRef = 65E975B317B6B43400CF53B2 /* CoreData.framework */; };
		6594349A17776BE800DCA9DB /* MGMEventsViewController.m in Sources */ = {isa = PBXBuildFile; fileRef = 6594349917776BE800DCA9DB /* MGMEventsViewController.m */; };
		659434A11777701C00DCA9DB /* MGMViewController.m in Sources */ = {isa = PBXBuildFile; fileRef = 659434A01777701C00DCA9DB /* MGMViewController.m */; };
		659434A317777A9F00DCA9DB /* MGMEventsViewController~ipad.xib in Resources */ = {isa = PBXBuildFile; fileRef = 659434A217777A9F00DCA9DB /* MGMEventsViewController~ipad.xib */; };
		659F9F42175B928E000C413B /* UIKit.framework in Frameworks */ = {isa = PBXBuildFile; fileRef = 659F9F41175B928E000C413B /* UIKit.framework */; };
		659F9F44175B928E000C413B /* Foundation.framework in Frameworks */ = {isa = PBXBuildFile; fileRef = 659F9F43175B928E000C413B /* Foundation.framework */; };
		659F9F46175B928E000C413B /* CoreGraphics.framework in Frameworks */ = {isa = PBXBuildFile; fileRef = 659F9F45175B928E000C413B /* CoreGraphics.framework */; };
		659F9F4C175B928E000C413B /* InfoPlist.strings in Resources */ = {isa = PBXBuildFile; fileRef = 659F9F4A175B928E000C413B /* InfoPlist.strings */; };
		659F9F4E175B928E000C413B /* main.m in Sources */ = {isa = PBXBuildFile; fileRef = 659F9F4D175B928E000C413B /* main.m */; };
		659F9F52175B928E000C413B /* MGMAppDelegate.m in Sources */ = {isa = PBXBuildFile; fileRef = 659F9F51175B928E000C413B /* MGMAppDelegate.m */; };
		659F9F54175B928E000C413B /* Default.png in Resources */ = {isa = PBXBuildFile; fileRef = 659F9F53175B928E000C413B /* Default.png */; };
		659F9F56175B928E000C413B /* Default@2x.png in Resources */ = {isa = PBXBuildFile; fileRef = 659F9F55175B928E000C413B /* Default@2x.png */; };
		659F9F58175B928E000C413B /* Default-568h@2x.png in Resources */ = {isa = PBXBuildFile; fileRef = 659F9F57175B928E000C413B /* Default-568h@2x.png */; };
		659F9F60175B928E000C413B /* SenTestingKit.framework in Frameworks */ = {isa = PBXBuildFile; fileRef = 659F9F5F175B928E000C413B /* SenTestingKit.framework */; };
		659F9F62175B928E000C413B /* Foundation.framework in Frameworks */ = {isa = PBXBuildFile; fileRef = 659F9F43175B928E000C413B /* Foundation.framework */; };
		659F9F6A175B928E000C413B /* InfoPlist.strings in Resources */ = {isa = PBXBuildFile; fileRef = 659F9F68175B928E000C413B /* InfoPlist.strings */; };
		65B7000017C4AAFC00D4173C /* libTestFlight.a in Frameworks */ = {isa = PBXBuildFile; fileRef = 65EB123217C3FB66008EE886 /* libTestFlight.a */; };
		65B7000117C4AB9800D4173C /* SystemConfiguration.framework in Frameworks */ = {isa = PBXBuildFile; fileRef = 65E79B0717C2444C008CCDA3 /* SystemConfiguration.framework */; };
		65B782F017C1451C00608B3E /* MGMCoreDataTableViewDataSource.m in Sources */ = {isa = PBXBuildFile; fileRef = 65B782EF17C1451C00608B3E /* MGMCoreDataTableViewDataSource.m */; };
		65B782F417C1525D00608B3E /* MGMEventTableViewDataSource.m in Sources */ = {isa = PBXBuildFile; fileRef = 65B782F317C1525D00608B3E /* MGMEventTableViewDataSource.m */; };
		65B782F617C1552D00608B3E /* MGMEventTableCell.xib in Resources */ = {isa = PBXBuildFile; fileRef = 65B782F517C1552D00608B3E /* MGMEventTableCell.xib */; };
		65B782F917C155CE00608B3E /* MGMEventTableCell.m in Sources */ = {isa = PBXBuildFile; fileRef = 65B782F817C155CD00608B3E /* MGMEventTableCell.m */; };
		65BA8A2C17A434EF0054966B /* MGMURLCache.m in Sources */ = {isa = PBXBuildFile; fileRef = 65BA8A2B17A434EF0054966B /* MGMURLCache.m */; };
		65BEAEF917BE212A00796D93 /* MGMCore.m in Sources */ = {isa = PBXBuildFile; fileRef = 653B6BC0175FDB4B005D372C /* MGMCore.m */; };
		65BEAEFA17BE212E00796D93 /* MGMURLCache.m in Sources */ = {isa = PBXBuildFile; fileRef = 65BA8A2B17A434EF0054966B /* MGMURLCache.m */; };
		65BEAEFB17BE214B00796D93 /* MGMDaoFactory.m in Sources */ = {isa = PBXBuildFile; fileRef = 65215F99176BA64300250168 /* MGMDaoFactory.m */; };
		65BEAEFC17BE215200796D93 /* MGMHttpDao.m in Sources */ = {isa = PBXBuildFile; fileRef = 65E975AD17B6A8FB00CF53B2 /* MGMHttpDao.m */; };
		65BEAEFD17BE215600796D93 /* MGMCoreDataDao.m in Sources */ = {isa = PBXBuildFile; fileRef = 65E975AA17B6A8E100CF53B2 /* MGMCoreDataDao.m */; };
		65BEAEFF17BE216700796D93 /* MGMCoreDataAwareDao.m in Sources */ = {isa = PBXBuildFile; fileRef = 65E975C517B6CD5900CF53B2 /* MGMCoreDataAwareDao.m */; };
		65BEAF0E17BE21AA00796D93 /* MusicGeekMonthly.xcdatamodeld in Sources */ = {isa = PBXBuildFile; fileRef = 65E975B517B6BD6F00CF53B2 /* MusicGeekMonthly.xcdatamodeld */; };
		65BEAF1017BE21AA00796D93 /* MGMTimePeriod.m in Sources */ = {isa = PBXBuildFile; fileRef = 65E975B917B6CB1600CF53B2 /* MGMTimePeriod.m */; };
		65BEAF1217BE21AA00796D93 /* MGMWeeklyChart.m in Sources */ = {isa = PBXBuildFile; fileRef = 65E975C217B6CB1800CF53B2 /* MGMWeeklyChart.m */; };
		65BEAF1517BE21AA00796D93 /* MGMAlbum.m in Sources */ = {isa = PBXBuildFile; fileRef = 65E975BC17B6CB1700CF53B2 /* MGMAlbum.m */; };
		65BEAF1917BE21AA00796D93 /* MGMEvent.m in Sources */ = {isa = PBXBuildFile; fileRef = 65E975BF17B6CB1800CF53B2 /* MGMEvent.m */; };
		65CD17031785A66F0082168D /* MGMEventsDao.m in Sources */ = {isa = PBXBuildFile; fileRef = 65CD17021785A66F0082168D /* MGMEventsDao.m */; };
		65CD17041785A66F0082168D /* MGMEventsDao.m in Sources */ = {isa = PBXBuildFile; fileRef = 65CD17021785A66F0082168D /* MGMEventsDao.m */; };
		65D451501764F78800374C5F /* album2.png in Resources */ = {isa = PBXBuildFile; fileRef = 65D451491764F78800374C5F /* album2.png */; };
		65D451511764F78800374C5F /* album3.png in Resources */ = {isa = PBXBuildFile; fileRef = 65D4514A1764F78800374C5F /* album3.png */; };
		65D451521764F78800374C5F /* album1.png in Resources */ = {isa = PBXBuildFile; fileRef = 65D4514B1764F78800374C5F /* album1.png */; };
		65DF2B8117BF703C00BAF25A /* MGMBackgroundAlbumArtFetcher.m in Sources */ = {isa = PBXBuildFile; fileRef = 65DF2B8017BF703C00BAF25A /* MGMBackgroundAlbumArtFetcher.m */; };
		65DF2BA017BFBF8800BAF25A /* MGMNextUrlAccess.m in Sources */ = {isa = PBXBuildFile; fileRef = 65DF2B9F17BFBF8700BAF25A /* MGMNextUrlAccess.m */; };
		65DF2BA117BFBF8800BAF25A /* MGMNextUrlAccess.m in Sources */ = {isa = PBXBuildFile; fileRef = 65DF2B9F17BFBF8700BAF25A /* MGMNextUrlAccess.m */; };
		65E53CE61785CACC001ECA79 /* MGMNavigationViewController.m in Sources */ = {isa = PBXBuildFile; fileRef = 65E53CE51785CACC001ECA79 /* MGMNavigationViewController.m */; };
		65E53CEC1785CF57001ECA79 /* MGMHomeViewController.m in Sources */ = {isa = PBXBuildFile; fileRef = 65E53CEB1785CF57001ECA79 /* MGMHomeViewController.m */; };
		65E53CEE1785CF81001ECA79 /* MGMHomeViewController~ipad.xib in Resources */ = {isa = PBXBuildFile; fileRef = 65E53CED1785CF81001ECA79 /* MGMHomeViewController~ipad.xib */; };
		65E53CF31785D27D001ECA79 /* button_blank_blue_01.png in Resources */ = {isa = PBXBuildFile; fileRef = 65E53CEF1785D27D001ECA79 /* button_blank_blue_01.png */; };
		65E53CF41785D27D001ECA79 /* button_blank_gray_01.png in Resources */ = {isa = PBXBuildFile; fileRef = 65E53CF01785D27D001ECA79 /* button_blank_gray_01.png */; };
		65E53CF51785D27D001ECA79 /* button_blank_red_01.png in Resources */ = {isa = PBXBuildFile; fileRef = 65E53CF11785D27D001ECA79 /* button_blank_red_01.png */; };
		65E53CF61785D27D001ECA79 /* button_blank_yellow_01.png in Resources */ = {isa = PBXBuildFile; fileRef = 65E53CF21785D27D001ECA79 /* button_blank_yellow_01.png */; };
		65E79B0517C2431D008CCDA3 /* MGMReachabilityManager.m in Sources */ = {isa = PBXBuildFile; fileRef = 65E79B0417C2431D008CCDA3 /* MGMReachabilityManager.m */; };
		65E79B0617C2431D008CCDA3 /* MGMReachabilityManager.m in Sources */ = {isa = PBXBuildFile; fileRef = 65E79B0417C2431D008CCDA3 /* MGMReachabilityManager.m */; };
		65E79B0817C2444C008CCDA3 /* SystemConfiguration.framework in Frameworks */ = {isa = PBXBuildFile; fileRef = 65E79B0717C2444C008CCDA3 /* SystemConfiguration.framework */; };
		65E8110A17AD014800FCBC9F /* libz.dylib in Frameworks */ = {isa = PBXBuildFile; fileRef = 65E8110917AD014800FCBC9F /* libz.dylib */; };
		65E975AB17B6A8E100CF53B2 /* MGMCoreDataDao.m in Sources */ = {isa = PBXBuildFile; fileRef = 65E975AA17B6A8E100CF53B2 /* MGMCoreDataDao.m */; };
		65E975AE17B6A8FB00CF53B2 /* MGMHttpDao.m in Sources */ = {isa = PBXBuildFile; fileRef = 65E975AD17B6A8FB00CF53B2 /* MGMHttpDao.m */; };
		65E975B417B6B43400CF53B2 /* CoreData.framework in Frameworks */ = {isa = PBXBuildFile; fileRef = 65E975B317B6B43400CF53B2 /* CoreData.framework */; };
		65E975B717B6BD6F00CF53B2 /* MusicGeekMonthly.xcdatamodeld in Sources */ = {isa = PBXBuildFile; fileRef = 65E975B517B6BD6F00CF53B2 /* MusicGeekMonthly.xcdatamodeld */; };
		65E975BA17B6CB1600CF53B2 /* MGMTimePeriod.m in Sources */ = {isa = PBXBuildFile; fileRef = 65E975B917B6CB1600CF53B2 /* MGMTimePeriod.m */; };
		65E975BD17B6CB1700CF53B2 /* MGMAlbum.m in Sources */ = {isa = PBXBuildFile; fileRef = 65E975BC17B6CB1700CF53B2 /* MGMAlbum.m */; };
		65E975C017B6CB1800CF53B2 /* MGMEvent.m in Sources */ = {isa = PBXBuildFile; fileRef = 65E975BF17B6CB1800CF53B2 /* MGMEvent.m */; };
		65E975C317B6CB1800CF53B2 /* MGMWeeklyChart.m in Sources */ = {isa = PBXBuildFile; fileRef = 65E975C217B6CB1800CF53B2 /* MGMWeeklyChart.m */; };
		65E975C617B6CD5A00CF53B2 /* MGMCoreDataAwareDao.m in Sources */ = {isa = PBXBuildFile; fileRef = 65E975C517B6CD5900CF53B2 /* MGMCoreDataAwareDao.m */; };
		65EB122C17C3FB18008EE886 /* MGMDaoFetchOperation.m in Sources */ = {isa = PBXBuildFile; fileRef = 65EB122717C3FB18008EE886 /* MGMDaoFetchOperation.m */; };
		65EB122D17C3FB18008EE886 /* MGMDaoFetchOperation.m in Sources */ = {isa = PBXBuildFile; fileRef = 65EB122717C3FB18008EE886 /* MGMDaoFetchOperation.m */; };
		65EB122E17C3FB18008EE886 /* MGMFetchAllEventsOperation.m in Sources */ = {isa = PBXBuildFile; fileRef = 65EB122917C3FB18008EE886 /* MGMFetchAllEventsOperation.m */; };
		65EB122F17C3FB18008EE886 /* MGMFetchAllEventsOperation.m in Sources */ = {isa = PBXBuildFile; fileRef = 65EB122917C3FB18008EE886 /* MGMFetchAllEventsOperation.m */; };
		65EB123017C3FB18008EE886 /* MGMFetchAllTimePeriodsOperation.m in Sources */ = {isa = PBXBuildFile; fileRef = 65EB122B17C3FB18008EE886 /* MGMFetchAllTimePeriodsOperation.m */; };
		65EB123117C3FB18008EE886 /* MGMFetchAllTimePeriodsOperation.m in Sources */ = {isa = PBXBuildFile; fileRef = 65EB122B17C3FB18008EE886 /* MGMFetchAllTimePeriodsOperation.m */; };
		65EB123317C3FB66008EE886 /* libTestFlight.a in Frameworks */ = {isa = PBXBuildFile; fileRef = 65EB123217C3FB66008EE886 /* libTestFlight.a */; };
		65EB123717C3FC0F008EE886 /* MGMFetchWeeklyChartOperation.m in Sources */ = {isa = PBXBuildFile; fileRef = 65EB123617C3FC0F008EE886 /* MGMFetchWeeklyChartOperation.m */; };
		65EB123817C3FC0F008EE886 /* MGMFetchWeeklyChartOperation.m in Sources */ = {isa = PBXBuildFile; fileRef = 65EB123617C3FC0F008EE886 /* MGMFetchWeeklyChartOperation.m */; };
		65EB124017C40025008EE886 /* MGMFetchAlbumImageUrlsOperation.m in Sources */ = {isa = PBXBuildFile; fileRef = 65EB123F17C40025008EE886 /* MGMFetchAlbumImageUrlsOperation.m */; };
		65EB124117C40025008EE886 /* MGMFetchAlbumImageUrlsOperation.m in Sources */ = {isa = PBXBuildFile; fileRef = 65EB123F17C40025008EE886 /* MGMFetchAlbumImageUrlsOperation.m */; };
		65EB124617C4077E008EE886 /* MGMFetchSpotifyAlbumMetadataOperation.m in Sources */ = {isa = PBXBuildFile; fileRef = 65EB124517C4077E008EE886 /* MGMFetchSpotifyAlbumMetadataOperation.m */; };
		65EB124717C4077E008EE886 /* MGMFetchSpotifyAlbumMetadataOperation.m in Sources */ = {isa = PBXBuildFile; fileRef = 65EB124517C4077E008EE886 /* MGMFetchSpotifyAlbumMetadataOperation.m */; };
		65ECD8FB17AC2F4300701A00 /* MGMHomeViewController~iphone.xib in Resources */ = {isa = PBXBuildFile; fileRef = 65ECD8FA17AC2F4300701A00 /* MGMHomeViewController~iphone.xib */; };
		65ECD90117AC3B2F00701A00 /* MGMAlbumViewController.m in Sources */ = {isa = PBXBuildFile; fileRef = 65ECD90017AC3B2F00701A00 /* MGMAlbumViewController.m */; };
		65ECD90417AC3DCB00701A00 /* MGMAlbumPlayer.m in Sources */ = {isa = PBXBuildFile; fileRef = 65ECD90317AC3DCB00701A00 /* MGMAlbumPlayer.m */; };
		65FAB9DE17C11CB300BCEA8E /* MGMCoreDataThreadManager.m in Sources */ = {isa = PBXBuildFile; fileRef = 65FAB9DD17C11CB200BCEA8E /* MGMCoreDataThreadManager.m */; };
		65FAB9DF17C11CB300BCEA8E /* MGMCoreDataThreadManager.m in Sources */ = {isa = PBXBuildFile; fileRef = 65FAB9DD17C11CB200BCEA8E /* MGMCoreDataThreadManager.m */; };
/* End PBXBuildFile section */

/* Begin PBXContainerItemProxy section */
		659F9F63175B928E000C413B /* PBXContainerItemProxy */ = {
			isa = PBXContainerItemProxy;
			containerPortal = 659F9F36175B928E000C413B /* Project object */;
			proxyType = 1;
			remoteGlobalIDString = 659F9F3D175B928E000C413B;
			remoteInfo = "Music Geek Monthly";
		};
/* End PBXContainerItemProxy section */

/* Begin PBXFileReference section */
		6508CB14176BACF400594244 /* MGMSpotifyDao.h */ = {isa = PBXFileReference; fileEncoding = 4; lastKnownFileType = sourcecode.c.h; path = MGMSpotifyDao.h; sourceTree = "<group>"; };
		6508CB15176BACF400594244 /* MGMSpotifyDao.m */ = {isa = PBXFileReference; fileEncoding = 4; lastKnownFileType = sourcecode.c.objc; path = MGMSpotifyDao.m; sourceTree = "<group>"; };
		6508CB18176BB05700594244 /* MGMDao.h */ = {isa = PBXFileReference; fileEncoding = 4; lastKnownFileType = sourcecode.c.h; path = MGMDao.h; sourceTree = "<group>"; };
		6508CB19176BB05700594244 /* MGMDao.m */ = {isa = PBXFileReference; fileEncoding = 4; lastKnownFileType = sourcecode.c.objc; path = MGMDao.m; sourceTree = "<group>"; };
		6509FF6C17AC5F4700DE68DE /* MGMAlbumMetadataDao.h */ = {isa = PBXFileReference; fileEncoding = 4; lastKnownFileType = sourcecode.c.h; path = MGMAlbumMetadataDao.h; sourceTree = "<group>"; };
		6509FF6D17AC5F4700DE68DE /* MGMAlbumMetadataDao.m */ = {isa = PBXFileReference; fileEncoding = 4; lastKnownFileType = sourcecode.c.objc; path = MGMAlbumMetadataDao.m; sourceTree = "<group>"; };
		650B7B9D17BEBA5400B14305 /* MGMAlbumDto.h */ = {isa = PBXFileReference; fileEncoding = 4; lastKnownFileType = sourcecode.c.h; path = MGMAlbumDto.h; sourceTree = "<group>"; };
		650B7B9E17BEBA5400B14305 /* MGMAlbumDto.m */ = {isa = PBXFileReference; fileEncoding = 4; lastKnownFileType = sourcecode.c.objc; path = MGMAlbumDto.m; sourceTree = "<group>"; };
		650B7BA117BEBA7E00B14305 /* MGMTimePeriodDto.h */ = {isa = PBXFileReference; fileEncoding = 4; lastKnownFileType = sourcecode.c.h; path = MGMTimePeriodDto.h; sourceTree = "<group>"; };
		650B7BA217BEBA7E00B14305 /* MGMTimePeriodDto.m */ = {isa = PBXFileReference; fileEncoding = 4; lastKnownFileType = sourcecode.c.objc; path = MGMTimePeriodDto.m; sourceTree = "<group>"; };
		650B7BA517BEBA9F00B14305 /* MGMWeeklyChartDto.h */ = {isa = PBXFileReference; fileEncoding = 4; lastKnownFileType = sourcecode.c.h; path = MGMWeeklyChartDto.h; sourceTree = "<group>"; };
		650B7BA617BEBA9F00B14305 /* MGMWeeklyChartDto.m */ = {isa = PBXFileReference; fileEncoding = 4; lastKnownFileType = sourcecode.c.objc; path = MGMWeeklyChartDto.m; sourceTree = "<group>"; };
		650B7BA917BEBAAF00B14305 /* MGMChartEntryDto.h */ = {isa = PBXFileReference; fileEncoding = 4; lastKnownFileType = sourcecode.c.h; path = MGMChartEntryDto.h; sourceTree = "<group>"; };
		650B7BAA17BEBAAF00B14305 /* MGMChartEntryDto.m */ = {isa = PBXFileReference; fileEncoding = 4; lastKnownFileType = sourcecode.c.objc; path = MGMChartEntryDto.m; sourceTree = "<group>"; };
		650B7BAD17BEBAD300B14305 /* MGMEventDto.h */ = {isa = PBXFileReference; fileEncoding = 4; lastKnownFileType = sourcecode.c.h; path = MGMEventDto.h; sourceTree = "<group>"; };
		650B7BAE17BEBAD300B14305 /* MGMEventDto.m */ = {isa = PBXFileReference; fileEncoding = 4; lastKnownFileType = sourcecode.c.objc; path = MGMEventDto.m; sourceTree = "<group>"; };
		650B7BB117BEBAE200B14305 /* MGMAlbumImageUriDto.h */ = {isa = PBXFileReference; fileEncoding = 4; lastKnownFileType = sourcecode.c.h; path = MGMAlbumImageUriDto.h; sourceTree = "<group>"; };
		650B7BB217BEBAE200B14305 /* MGMAlbumImageUriDto.m */ = {isa = PBXFileReference; fileEncoding = 4; lastKnownFileType = sourcecode.c.objc; path = MGMAlbumImageUriDto.m; sourceTree = "<group>"; };
		650B7BB517BEBAEF00B14305 /* MGMAlbumMetadataDto.h */ = {isa = PBXFileReference; fileEncoding = 4; lastKnownFileType = sourcecode.c.h; path = MGMAlbumMetadataDto.h; sourceTree = "<group>"; };
		650B7BB617BEBAEF00B14305 /* MGMAlbumMetadataDto.m */ = {isa = PBXFileReference; fileEncoding = 4; lastKnownFileType = sourcecode.c.objc; path = MGMAlbumMetadataDto.m; sourceTree = "<group>"; };
		650B7BB917BEBBA400B14305 /* MGMAlbumImageSize.h */ = {isa = PBXFileReference; fileEncoding = 4; lastKnownFileType = sourcecode.c.h; path = MGMAlbumImageSize.h; sourceTree = "<group>"; };
		650B7BBD17BEBBBD00B14305 /* MGMAlbumServiceType.h */ = {isa = PBXFileReference; fileEncoding = 4; lastKnownFileType = sourcecode.c.h; path = MGMAlbumServiceType.h; sourceTree = "<group>"; };
		650B7BC117BEC03500B14305 /* MGMCoreDataDaoSync.h */ = {isa = PBXFileReference; fileEncoding = 4; lastKnownFileType = sourcecode.c.h; path = MGMCoreDataDaoSync.h; sourceTree = "<group>"; };
		650B7BC217BEC03500B14305 /* MGMCoreDataDaoSync.m */ = {isa = PBXFileReference; fileEncoding = 4; lastKnownFileType = sourcecode.c.objc; path = MGMCoreDataDaoSync.m; sourceTree = "<group>"; };
		650BEEFA17BBE212008A57AF /* MGMAlbumMetadata.h */ = {isa = PBXFileReference; fileEncoding = 4; lastKnownFileType = sourcecode.c.h; path = MGMAlbumMetadata.h; sourceTree = "<group>"; };
		650BEEFB17BBE212008A57AF /* MGMAlbumMetadata.m */ = {isa = PBXFileReference; fileEncoding = 4; lastKnownFileType = sourcecode.c.objc; path = MGMAlbumMetadata.m; sourceTree = "<group>"; };
		650BEEFE17BBE213008A57AF /* MGMAlbumImageUri.h */ = {isa = PBXFileReference; fileEncoding = 4; lastKnownFileType = sourcecode.c.h; path = MGMAlbumImageUri.h; sourceTree = "<group>"; };
		650BEEFF17BBE213008A57AF /* MGMAlbumImageUri.m */ = {isa = PBXFileReference; fileEncoding = 4; lastKnownFileType = sourcecode.c.objc; path = MGMAlbumImageUri.m; sourceTree = "<group>"; };
		650BF24917B97DAB00020C2B /* MGMChartEntry.h */ = {isa = PBXFileReference; fileEncoding = 4; lastKnownFileType = sourcecode.c.h; path = MGMChartEntry.h; sourceTree = "<group>"; };
		650BF24A17B97DAB00020C2B /* MGMChartEntry.m */ = {isa = PBXFileReference; fileEncoding = 4; lastKnownFileType = sourcecode.c.objc; path = MGMChartEntry.m; sourceTree = "<group>"; };
		650F13C017AABB060048226A /* MGMAlbumView.h */ = {isa = PBXFileReference; fileEncoding = 4; lastKnownFileType = sourcecode.c.h; path = MGMAlbumView.h; sourceTree = "<group>"; };
		650F13C117AABB060048226A /* MGMAlbumView.m */ = {isa = PBXFileReference; fileEncoding = 4; lastKnownFileType = sourcecode.c.objc; path = MGMAlbumView.m; sourceTree = "<group>"; };
		651238C617B16C3300C5D353 /* MGMAbstractEventController.h */ = {isa = PBXFileReference; fileEncoding = 4; lastKnownFileType = sourcecode.c.h; path = MGMAbstractEventController.h; sourceTree = "<group>"; };
		651238C717B16C3300C5D353 /* MGMAbstractEventController.m */ = {isa = PBXFileReference; fileEncoding = 4; lastKnownFileType = sourcecode.c.objc; path = MGMAbstractEventController.m; sourceTree = "<group>"; };
		651CC69D176F9455007B7F0D /* MGMWeeklyChartAlbumsView.h */ = {isa = PBXFileReference; fileEncoding = 4; lastKnownFileType = sourcecode.c.h; path = MGMWeeklyChartAlbumsView.h; sourceTree = "<group>"; };
		651CC69E176F9455007B7F0D /* MGMWeeklyChartAlbumsView.m */ = {isa = PBXFileReference; fileEncoding = 4; lastKnownFileType = sourcecode.c.objc; path = MGMWeeklyChartAlbumsView.m; sourceTree = "<group>"; };
		65215F98176BA64300250168 /* MGMDaoFactory.h */ = {isa = PBXFileReference; fileEncoding = 4; lastKnownFileType = sourcecode.c.h; path = MGMDaoFactory.h; sourceTree = "<group>"; };
		65215F99176BA64300250168 /* MGMDaoFactory.m */ = {isa = PBXFileReference; fileEncoding = 4; lastKnownFileType = sourcecode.c.objc; path = MGMDaoFactory.m; sourceTree = "<group>"; };
		6523827A17AD094E00FAE0B3 /* MGMEventsViewController~iphone.xib */ = {isa = PBXFileReference; fileEncoding = 4; lastKnownFileType = file.xib; path = "MGMEventsViewController~iphone.xib"; sourceTree = "<group>"; };
		65291AFF177606E2002595AC /* UIViewController+MGMAdditions.h */ = {isa = PBXFileReference; fileEncoding = 4; lastKnownFileType = sourcecode.c.h; path = "UIViewController+MGMAdditions.h"; sourceTree = "<group>"; };
		65291B00177606E2002595AC /* UIViewController+MGMAdditions.m */ = {isa = PBXFileReference; fileEncoding = 4; lastKnownFileType = sourcecode.c.objc; path = "UIViewController+MGMAdditions.m"; sourceTree = "<group>"; };
		65291B0517761A75002595AC /* MGMWeeklyChartViewController~iphone.xib */ = {isa = PBXFileReference; fileEncoding = 4; lastKnownFileType = file.xib; path = "MGMWeeklyChartViewController~iphone.xib"; sourceTree = "<group>"; };
		65291B0717762539002595AC /* MGMWeeklyChartViewController~ipad.xib */ = {isa = PBXFileReference; fileEncoding = 4; lastKnownFileType = file.xib; path = "MGMWeeklyChartViewController~ipad.xib"; sourceTree = "<group>"; };
		652ABF86179EFE59005C8501 /* MGMPulsatingAlbumsView.h */ = {isa = PBXFileReference; fileEncoding = 4; lastKnownFileType = sourcecode.c.h; path = MGMPulsatingAlbumsView.h; sourceTree = "<group>"; };
		652ABF87179EFE59005C8501 /* MGMPulsatingAlbumsView.m */ = {isa = PBXFileReference; fileEncoding = 4; lastKnownFileType = sourcecode.c.objc; path = MGMPulsatingAlbumsView.m; sourceTree = "<group>"; };
		652C8711179DBC370059595E /* wikipedia.png */ = {isa = PBXFileReference; lastKnownFileType = image.png; name = wikipedia.png; path = MusicGeekMonthly/wikipedia.png; sourceTree = "<group>"; };
		652C8713179DBDEB0059595E /* youtube.png */ = {isa = PBXFileReference; lastKnownFileType = image.png; name = youtube.png; path = MusicGeekMonthly/youtube.png; sourceTree = "<group>"; };
		652C8716179DD53C0059595E /* MGMWebViewController.h */ = {isa = PBXFileReference; fileEncoding = 4; lastKnownFileType = sourcecode.c.h; path = MGMWebViewController.h; sourceTree = "<group>"; };
		652C8717179DD53C0059595E /* MGMWebViewController.m */ = {isa = PBXFileReference; fileEncoding = 4; lastKnownFileType = sourcecode.c.objc; path = MGMWebViewController.m; sourceTree = "<group>"; };
		652C8719179DD6AE0059595E /* MGMWebViewController~ipad.xib */ = {isa = PBXFileReference; fileEncoding = 4; lastKnownFileType = file.xib; path = "MGMWebViewController~ipad.xib"; sourceTree = "<group>"; };
		652FD00317722BFC00CF5F89 /* MGMGridManager.h */ = {isa = PBXFileReference; fileEncoding = 4; lastKnownFileType = sourcecode.c.h; path = MGMGridManager.h; sourceTree = "<group>"; };
		652FD00417722BFC00CF5F89 /* MGMGridManager.m */ = {isa = PBXFileReference; fileEncoding = 4; lastKnownFileType = sourcecode.c.objc; path = MGMGridManager.m; sourceTree = "<group>"; };
		653B6BB9175FD13F005D372C /* MGMLastFmDao.h */ = {isa = PBXFileReference; fileEncoding = 4; lastKnownFileType = sourcecode.c.h; path = MGMLastFmDao.h; sourceTree = "<group>"; };
		653B6BBA175FD13F005D372C /* MGMLastFmDao.m */ = {isa = PBXFileReference; fileEncoding = 4; lastKnownFileType = sourcecode.c.objc; path = MGMLastFmDao.m; sourceTree = "<group>"; };
		653B6BBD175FDB4B005D372C /* MGMWeeklyChartViewController.h */ = {isa = PBXFileReference; fileEncoding = 4; lastKnownFileType = sourcecode.c.h; path = MGMWeeklyChartViewController.h; sourceTree = "<group>"; };
		653B6BBE175FDB4B005D372C /* MGMWeeklyChartViewController.m */ = {isa = PBXFileReference; fileEncoding = 4; lastKnownFileType = sourcecode.c.objc; path = MGMWeeklyChartViewController.m; sourceTree = "<group>"; };
		653B6BBF175FDB4B005D372C /* MGMCore.h */ = {isa = PBXFileReference; fileEncoding = 4; lastKnownFileType = sourcecode.c.h; path = MGMCore.h; sourceTree = "<group>"; };
		653B6BC0175FDB4B005D372C /* MGMCore.m */ = {isa = PBXFileReference; fileEncoding = 4; lastKnownFileType = sourcecode.c.objc; path = MGMCore.m; sourceTree = "<group>"; };
		653B6BC1175FDB4B005D372C /* MGMUI.h */ = {isa = PBXFileReference; fileEncoding = 4; lastKnownFileType = sourcecode.c.h; path = MGMUI.h; sourceTree = "<group>"; };
		653B6BC2175FDB4B005D372C /* MGMUI.m */ = {isa = PBXFileReference; fileEncoding = 4; lastKnownFileType = sourcecode.c.objc; path = MGMUI.m; sourceTree = "<group>"; };
		653B6BC3175FDB4B005D372C /* MGMView.h */ = {isa = PBXFileReference; fileEncoding = 4; lastKnownFileType = sourcecode.c.h; path = MGMView.h; sourceTree = "<group>"; };
		653B6BC4175FDB4B005D372C /* MGMView.m */ = {isa = PBXFileReference; fileEncoding = 4; lastKnownFileType = sourcecode.c.objc; path = MGMView.m; sourceTree = "<group>"; };
		653B6BCC175FDCAA005D372C /* MGMTransitionViewController.h */ = {isa = PBXFileReference; fileEncoding = 4; lastKnownFileType = sourcecode.c.h; path = MGMTransitionViewController.h; sourceTree = "<group>"; };
		653B6BCD175FDCAA005D372C /* MGMTransitionViewController.m */ = {isa = PBXFileReference; fileEncoding = 4; lastKnownFileType = sourcecode.c.objc; path = MGMTransitionViewController.m; sourceTree = "<group>"; };
		6554DE3317A053F0006A2A29 /* MGM_icon.png */ = {isa = PBXFileReference; lastKnownFileType = image.png; path = MGM_icon.png; sourceTree = "<group>"; };
		656D01B1176C5DB900B9B0B3 /* lastfm.png */ = {isa = PBXFileReference; lastKnownFileType = image.png; name = lastfm.png; path = MusicGeekMonthly/lastfm.png; sourceTree = "<group>"; };
		656D01B2176C5DB900B9B0B3 /* spotify.png */ = {isa = PBXFileReference; lastKnownFileType = image.png; name = spotify.png; path = MusicGeekMonthly/spotify.png; sourceTree = "<group>"; };
		656D01B5176C5EC500B9B0B3 /* MGMImageHelper.h */ = {isa = PBXFileReference; fileEncoding = 4; lastKnownFileType = sourcecode.c.h; path = MGMImageHelper.h; sourceTree = "<group>"; };
		656D01B6176C5EC500B9B0B3 /* MGMImageHelper.m */ = {isa = PBXFileReference; fileEncoding = 4; lastKnownFileType = sourcecode.c.objc; path = MGMImageHelper.m; sourceTree = "<group>"; };
		65936A0817BCB1150070A9C6 /* MGMCoreDataTestCase.m */ = {isa = PBXFileReference; fileEncoding = 4; lastKnownFileType = sourcecode.c.objc; path = MGMCoreDataTestCase.m; sourceTree = "<group>"; };
		6594349817776BE800DCA9DB /* MGMEventsViewController.h */ = {isa = PBXFileReference; fileEncoding = 4; lastKnownFileType = sourcecode.c.h; path = MGMEventsViewController.h; sourceTree = "<group>"; };
		6594349917776BE800DCA9DB /* MGMEventsViewController.m */ = {isa = PBXFileReference; fileEncoding = 4; lastKnownFileType = sourcecode.c.objc; path = MGMEventsViewController.m; sourceTree = "<group>"; };
		6594349F1777701C00DCA9DB /* MGMViewController.h */ = {isa = PBXFileReference; fileEncoding = 4; lastKnownFileType = sourcecode.c.h; path = MGMViewController.h; sourceTree = "<group>"; };
		659434A01777701C00DCA9DB /* MGMViewController.m */ = {isa = PBXFileReference; fileEncoding = 4; lastKnownFileType = sourcecode.c.objc; path = MGMViewController.m; sourceTree = "<group>"; };
		659434A217777A9F00DCA9DB /* MGMEventsViewController~ipad.xib */ = {isa = PBXFileReference; fileEncoding = 4; lastKnownFileType = file.xib; path = "MGMEventsViewController~ipad.xib"; sourceTree = "<group>"; };
		659F9F3E175B928E000C413B /* MusicGeekMonthly.app */ = {isa = PBXFileReference; explicitFileType = wrapper.application; includeInIndex = 0; path = MusicGeekMonthly.app; sourceTree = BUILT_PRODUCTS_DIR; };
		659F9F41175B928E000C413B /* UIKit.framework */ = {isa = PBXFileReference; lastKnownFileType = wrapper.framework; name = UIKit.framework; path = System/Library/Frameworks/UIKit.framework; sourceTree = SDKROOT; };
		659F9F43175B928E000C413B /* Foundation.framework */ = {isa = PBXFileReference; lastKnownFileType = wrapper.framework; name = Foundation.framework; path = System/Library/Frameworks/Foundation.framework; sourceTree = SDKROOT; };
		659F9F45175B928E000C413B /* CoreGraphics.framework */ = {isa = PBXFileReference; lastKnownFileType = wrapper.framework; name = CoreGraphics.framework; path = System/Library/Frameworks/CoreGraphics.framework; sourceTree = SDKROOT; };
		659F9F49175B928E000C413B /* MusicGeekMonthly-Info.plist */ = {isa = PBXFileReference; lastKnownFileType = text.plist.xml; path = "MusicGeekMonthly-Info.plist"; sourceTree = "<group>"; };
		659F9F4B175B928E000C413B /* en */ = {isa = PBXFileReference; lastKnownFileType = text.plist.strings; name = en; path = en.lproj/InfoPlist.strings; sourceTree = "<group>"; };
		659F9F4D175B928E000C413B /* main.m */ = {isa = PBXFileReference; lastKnownFileType = sourcecode.c.objc; path = main.m; sourceTree = "<group>"; };
		659F9F4F175B928E000C413B /* MusicGeekMonthly-Prefix.pch */ = {isa = PBXFileReference; lastKnownFileType = sourcecode.c.h; path = "MusicGeekMonthly-Prefix.pch"; sourceTree = "<group>"; };
		659F9F50175B928E000C413B /* MGMAppDelegate.h */ = {isa = PBXFileReference; lastKnownFileType = sourcecode.c.h; path = MGMAppDelegate.h; sourceTree = "<group>"; };
		659F9F51175B928E000C413B /* MGMAppDelegate.m */ = {isa = PBXFileReference; lastKnownFileType = sourcecode.c.objc; path = MGMAppDelegate.m; sourceTree = "<group>"; };
		659F9F53175B928E000C413B /* Default.png */ = {isa = PBXFileReference; lastKnownFileType = image.png; path = Default.png; sourceTree = "<group>"; };
		659F9F55175B928E000C413B /* Default@2x.png */ = {isa = PBXFileReference; lastKnownFileType = image.png; path = "Default@2x.png"; sourceTree = "<group>"; };
		659F9F57175B928E000C413B /* Default-568h@2x.png */ = {isa = PBXFileReference; lastKnownFileType = image.png; path = "Default-568h@2x.png"; sourceTree = "<group>"; };
		659F9F5E175B928E000C413B /* MusicGeekMonthlyTests.octest */ = {isa = PBXFileReference; explicitFileType = wrapper.cfbundle; includeInIndex = 0; path = MusicGeekMonthlyTests.octest; sourceTree = BUILT_PRODUCTS_DIR; };
		659F9F5F175B928E000C413B /* SenTestingKit.framework */ = {isa = PBXFileReference; lastKnownFileType = wrapper.framework; name = SenTestingKit.framework; path = Library/Frameworks/SenTestingKit.framework; sourceTree = DEVELOPER_DIR; };
		659F9F67175B928E000C413B /* MusicGeekMonthlyTests-Info.plist */ = {isa = PBXFileReference; lastKnownFileType = text.plist.xml; path = "MusicGeekMonthlyTests-Info.plist"; sourceTree = "<group>"; };
		659F9F69175B928E000C413B /* en */ = {isa = PBXFileReference; lastKnownFileType = text.plist.strings; name = en; path = en.lproj/InfoPlist.strings; sourceTree = "<group>"; };
		65B782EE17C1451C00608B3E /* MGMCoreDataTableViewDataSource.h */ = {isa = PBXFileReference; fileEncoding = 4; lastKnownFileType = sourcecode.c.h; path = MGMCoreDataTableViewDataSource.h; sourceTree = "<group>"; };
		65B782EF17C1451C00608B3E /* MGMCoreDataTableViewDataSource.m */ = {isa = PBXFileReference; fileEncoding = 4; lastKnownFileType = sourcecode.c.objc; path = MGMCoreDataTableViewDataSource.m; sourceTree = "<group>"; };
		65B782F117C1469800608B3E /* MGMRenderable.h */ = {isa = PBXFileReference; lastKnownFileType = sourcecode.c.h; path = MGMRenderable.h; sourceTree = "<group>"; };
		65B782F217C1525D00608B3E /* MGMEventTableViewDataSource.h */ = {isa = PBXFileReference; fileEncoding = 4; lastKnownFileType = sourcecode.c.h; path = MGMEventTableViewDataSource.h; sourceTree = "<group>"; };
		65B782F317C1525D00608B3E /* MGMEventTableViewDataSource.m */ = {isa = PBXFileReference; fileEncoding = 4; lastKnownFileType = sourcecode.c.objc; path = MGMEventTableViewDataSource.m; sourceTree = "<group>"; };
		65B782F517C1552D00608B3E /* MGMEventTableCell.xib */ = {isa = PBXFileReference; fileEncoding = 4; lastKnownFileType = file.xib; path = MGMEventTableCell.xib; sourceTree = "<group>"; };
		65B782F717C155CD00608B3E /* MGMEventTableCell.h */ = {isa = PBXFileReference; fileEncoding = 4; lastKnownFileType = sourcecode.c.h; path = MGMEventTableCell.h; sourceTree = "<group>"; };
		65B782F817C155CD00608B3E /* MGMEventTableCell.m */ = {isa = PBXFileReference; fileEncoding = 4; lastKnownFileType = sourcecode.c.objc; path = MGMEventTableCell.m; sourceTree = "<group>"; };
		65BA8A2A17A434EF0054966B /* MGMURLCache.h */ = {isa = PBXFileReference; fileEncoding = 4; lastKnownFileType = sourcecode.c.h; path = MGMURLCache.h; sourceTree = "<group>"; };
		65BA8A2B17A434EF0054966B /* MGMURLCache.m */ = {isa = PBXFileReference; fileEncoding = 4; lastKnownFileType = sourcecode.c.objc; path = MGMURLCache.m; sourceTree = "<group>"; };
		65CD17011785A66F0082168D /* MGMEventsDao.h */ = {isa = PBXFileReference; fileEncoding = 4; lastKnownFileType = sourcecode.c.h; path = MGMEventsDao.h; sourceTree = "<group>"; };
		65CD17021785A66F0082168D /* MGMEventsDao.m */ = {isa = PBXFileReference; fileEncoding = 4; lastKnownFileType = sourcecode.c.objc; path = MGMEventsDao.m; sourceTree = "<group>"; };
		65D451491764F78800374C5F /* album2.png */ = {isa = PBXFileReference; lastKnownFileType = image.png; name = album2.png; path = MusicGeekMonthly/album2.png; sourceTree = "<group>"; };
		65D4514A1764F78800374C5F /* album3.png */ = {isa = PBXFileReference; lastKnownFileType = image.png; name = album3.png; path = MusicGeekMonthly/album3.png; sourceTree = "<group>"; };
		65D4514B1764F78800374C5F /* album1.png */ = {isa = PBXFileReference; lastKnownFileType = image.png; name = album1.png; path = MusicGeekMonthly/album1.png; sourceTree = "<group>"; };
		65DF2B7F17BF703C00BAF25A /* MGMBackgroundAlbumArtFetcher.h */ = {isa = PBXFileReference; fileEncoding = 4; lastKnownFileType = sourcecode.c.h; path = MGMBackgroundAlbumArtFetcher.h; sourceTree = "<group>"; };
		65DF2B8017BF703C00BAF25A /* MGMBackgroundAlbumArtFetcher.m */ = {isa = PBXFileReference; fileEncoding = 4; lastKnownFileType = sourcecode.c.objc; path = MGMBackgroundAlbumArtFetcher.m; sourceTree = "<group>"; };
		65DF2B9A17BFA41E00BAF25A /* MGMCompletion.h */ = {isa = PBXFileReference; fileEncoding = 4; lastKnownFileType = sourcecode.c.h; path = MGMCompletion.h; sourceTree = "<group>"; };
		65DF2B9E17BFBF8500BAF25A /* MGMNextUrlAccess.h */ = {isa = PBXFileReference; fileEncoding = 4; lastKnownFileType = sourcecode.c.h; path = MGMNextUrlAccess.h; sourceTree = "<group>"; };
		65DF2B9F17BFBF8700BAF25A /* MGMNextUrlAccess.m */ = {isa = PBXFileReference; fileEncoding = 4; lastKnownFileType = sourcecode.c.objc; path = MGMNextUrlAccess.m; sourceTree = "<group>"; };
		65E53CE41785CACC001ECA79 /* MGMNavigationViewController.h */ = {isa = PBXFileReference; fileEncoding = 4; lastKnownFileType = sourcecode.c.h; path = MGMNavigationViewController.h; sourceTree = "<group>"; };
		65E53CE51785CACC001ECA79 /* MGMNavigationViewController.m */ = {isa = PBXFileReference; fileEncoding = 4; lastKnownFileType = sourcecode.c.objc; path = MGMNavigationViewController.m; sourceTree = "<group>"; };
		65E53CEA1785CF57001ECA79 /* MGMHomeViewController.h */ = {isa = PBXFileReference; fileEncoding = 4; lastKnownFileType = sourcecode.c.h; path = MGMHomeViewController.h; sourceTree = "<group>"; };
		65E53CEB1785CF57001ECA79 /* MGMHomeViewController.m */ = {isa = PBXFileReference; fileEncoding = 4; lastKnownFileType = sourcecode.c.objc; path = MGMHomeViewController.m; sourceTree = "<group>"; };
		65E53CED1785CF81001ECA79 /* MGMHomeViewController~ipad.xib */ = {isa = PBXFileReference; fileEncoding = 4; lastKnownFileType = file.xib; path = "MGMHomeViewController~ipad.xib"; sourceTree = "<group>"; };
		65E53CEF1785D27D001ECA79 /* button_blank_blue_01.png */ = {isa = PBXFileReference; lastKnownFileType = image.png; name = button_blank_blue_01.png; path = MusicGeekMonthly/button_blank_blue_01.png; sourceTree = "<group>"; };
		65E53CF01785D27D001ECA79 /* button_blank_gray_01.png */ = {isa = PBXFileReference; lastKnownFileType = image.png; name = button_blank_gray_01.png; path = MusicGeekMonthly/button_blank_gray_01.png; sourceTree = "<group>"; };
		65E53CF11785D27D001ECA79 /* button_blank_red_01.png */ = {isa = PBXFileReference; lastKnownFileType = image.png; name = button_blank_red_01.png; path = MusicGeekMonthly/button_blank_red_01.png; sourceTree = "<group>"; };
		65E53CF21785D27D001ECA79 /* button_blank_yellow_01.png */ = {isa = PBXFileReference; lastKnownFileType = image.png; name = button_blank_yellow_01.png; path = MusicGeekMonthly/button_blank_yellow_01.png; sourceTree = "<group>"; };
		65E79B0317C2431D008CCDA3 /* MGMReachabilityManager.h */ = {isa = PBXFileReference; fileEncoding = 4; lastKnownFileType = sourcecode.c.h; path = MGMReachabilityManager.h; sourceTree = "<group>"; };
		65E79B0417C2431D008CCDA3 /* MGMReachabilityManager.m */ = {isa = PBXFileReference; fileEncoding = 4; lastKnownFileType = sourcecode.c.objc; path = MGMReachabilityManager.m; sourceTree = "<group>"; };
		65E79B0717C2444C008CCDA3 /* SystemConfiguration.framework */ = {isa = PBXFileReference; lastKnownFileType = wrapper.framework; name = SystemConfiguration.framework; path = System/Library/Frameworks/SystemConfiguration.framework; sourceTree = SDKROOT; };
		65E8110917AD014800FCBC9F /* libz.dylib */ = {isa = PBXFileReference; lastKnownFileType = "compiled.mach-o.dylib"; name = libz.dylib; path = usr/lib/libz.dylib; sourceTree = SDKROOT; };
		65E8110B17AD040500FCBC9F /* MGMLogging.h */ = {isa = PBXFileReference; fileEncoding = 4; lastKnownFileType = sourcecode.c.h; path = MGMLogging.h; sourceTree = "<group>"; };
		65E975A917B6A8E100CF53B2 /* MGMCoreDataDao.h */ = {isa = PBXFileReference; fileEncoding = 4; lastKnownFileType = sourcecode.c.h; path = MGMCoreDataDao.h; sourceTree = "<group>"; };
		65E975AA17B6A8E100CF53B2 /* MGMCoreDataDao.m */ = {isa = PBXFileReference; fileEncoding = 4; lastKnownFileType = sourcecode.c.objc; path = MGMCoreDataDao.m; sourceTree = "<group>"; };
		65E975AC17B6A8FB00CF53B2 /* MGMHttpDao.h */ = {isa = PBXFileReference; fileEncoding = 4; lastKnownFileType = sourcecode.c.h; path = MGMHttpDao.h; sourceTree = "<group>"; };
		65E975AD17B6A8FB00CF53B2 /* MGMHttpDao.m */ = {isa = PBXFileReference; fileEncoding = 4; lastKnownFileType = sourcecode.c.objc; path = MGMHttpDao.m; sourceTree = "<group>"; };
		65E975B317B6B43400CF53B2 /* CoreData.framework */ = {isa = PBXFileReference; lastKnownFileType = wrapper.framework; name = CoreData.framework; path = System/Library/Frameworks/CoreData.framework; sourceTree = SDKROOT; };
		65E975B617B6BD6F00CF53B2 /* MusicGeekMonthly.xcdatamodel */ = {isa = PBXFileReference; lastKnownFileType = wrapper.xcdatamodel; path = MusicGeekMonthly.xcdatamodel; sourceTree = "<group>"; };
		65E975B817B6CB1600CF53B2 /* MGMTimePeriod.h */ = {isa = PBXFileReference; fileEncoding = 4; lastKnownFileType = sourcecode.c.h; path = MGMTimePeriod.h; sourceTree = "<group>"; };
		65E975B917B6CB1600CF53B2 /* MGMTimePeriod.m */ = {isa = PBXFileReference; fileEncoding = 4; lastKnownFileType = sourcecode.c.objc; path = MGMTimePeriod.m; sourceTree = "<group>"; };
		65E975BB17B6CB1700CF53B2 /* MGMAlbum.h */ = {isa = PBXFileReference; fileEncoding = 4; lastKnownFileType = sourcecode.c.h; path = MGMAlbum.h; sourceTree = "<group>"; };
		65E975BC17B6CB1700CF53B2 /* MGMAlbum.m */ = {isa = PBXFileReference; fileEncoding = 4; lastKnownFileType = sourcecode.c.objc; path = MGMAlbum.m; sourceTree = "<group>"; };
		65E975BE17B6CB1800CF53B2 /* MGMEvent.h */ = {isa = PBXFileReference; fileEncoding = 4; lastKnownFileType = sourcecode.c.h; path = MGMEvent.h; sourceTree = "<group>"; };
		65E975BF17B6CB1800CF53B2 /* MGMEvent.m */ = {isa = PBXFileReference; fileEncoding = 4; lastKnownFileType = sourcecode.c.objc; path = MGMEvent.m; sourceTree = "<group>"; };
		65E975C117B6CB1800CF53B2 /* MGMWeeklyChart.h */ = {isa = PBXFileReference; fileEncoding = 4; lastKnownFileType = sourcecode.c.h; path = MGMWeeklyChart.h; sourceTree = "<group>"; };
		65E975C217B6CB1800CF53B2 /* MGMWeeklyChart.m */ = {isa = PBXFileReference; fileEncoding = 4; lastKnownFileType = sourcecode.c.objc; path = MGMWeeklyChart.m; sourceTree = "<group>"; };
		65E975C417B6CD5900CF53B2 /* MGMCoreDataAwareDao.h */ = {isa = PBXFileReference; fileEncoding = 4; lastKnownFileType = sourcecode.c.h; path = MGMCoreDataAwareDao.h; sourceTree = "<group>"; };
		65E975C517B6CD5900CF53B2 /* MGMCoreDataAwareDao.m */ = {isa = PBXFileReference; fileEncoding = 4; lastKnownFileType = sourcecode.c.objc; path = MGMCoreDataAwareDao.m; sourceTree = "<group>"; };
		65EB122617C3FB18008EE886 /* MGMDaoFetchOperation.h */ = {isa = PBXFileReference; fileEncoding = 4; lastKnownFileType = sourcecode.c.h; path = MGMDaoFetchOperation.h; sourceTree = "<group>"; };
		65EB122717C3FB18008EE886 /* MGMDaoFetchOperation.m */ = {isa = PBXFileReference; fileEncoding = 4; lastKnownFileType = sourcecode.c.objc; path = MGMDaoFetchOperation.m; sourceTree = "<group>"; };
		65EB122817C3FB18008EE886 /* MGMFetchAllEventsOperation.h */ = {isa = PBXFileReference; fileEncoding = 4; lastKnownFileType = sourcecode.c.h; path = MGMFetchAllEventsOperation.h; sourceTree = "<group>"; };
		65EB122917C3FB18008EE886 /* MGMFetchAllEventsOperation.m */ = {isa = PBXFileReference; fileEncoding = 4; lastKnownFileType = sourcecode.c.objc; path = MGMFetchAllEventsOperation.m; sourceTree = "<group>"; };
		65EB122A17C3FB18008EE886 /* MGMFetchAllTimePeriodsOperation.h */ = {isa = PBXFileReference; fileEncoding = 4; lastKnownFileType = sourcecode.c.h; path = MGMFetchAllTimePeriodsOperation.h; sourceTree = "<group>"; };
		65EB122B17C3FB18008EE886 /* MGMFetchAllTimePeriodsOperation.m */ = {isa = PBXFileReference; fileEncoding = 4; lastKnownFileType = sourcecode.c.objc; path = MGMFetchAllTimePeriodsOperation.m; sourceTree = "<group>"; };
		65EB123217C3FB66008EE886 /* libTestFlight.a */ = {isa = PBXFileReference; lastKnownFileType = archive.ar; name = libTestFlight.a; path = MusicGeekMonthly/Libraries/TestFlightSDK2.0.0/libTestFlight.a; sourceTree = "<group>"; };
		65EB123517C3FC0F008EE886 /* MGMFetchWeeklyChartOperation.h */ = {isa = PBXFileReference; fileEncoding = 4; lastKnownFileType = sourcecode.c.h; path = MGMFetchWeeklyChartOperation.h; sourceTree = "<group>"; };
		65EB123617C3FC0F008EE886 /* MGMFetchWeeklyChartOperation.m */ = {isa = PBXFileReference; fileEncoding = 4; lastKnownFileType = sourcecode.c.objc; path = MGMFetchWeeklyChartOperation.m; sourceTree = "<group>"; };
		65EB123917C3FCFB008EE886 /* MGMLastFmConstants.h */ = {isa = PBXFileReference; fileEncoding = 4; lastKnownFileType = sourcecode.c.h; path = MGMLastFmConstants.h; sourceTree = "<group>"; };
		65EB123E17C40025008EE886 /* MGMFetchAlbumImageUrlsOperation.h */ = {isa = PBXFileReference; fileEncoding = 4; lastKnownFileType = sourcecode.c.h; path = MGMFetchAlbumImageUrlsOperation.h; sourceTree = "<group>"; };
		65EB123F17C40025008EE886 /* MGMFetchAlbumImageUrlsOperation.m */ = {isa = PBXFileReference; fileEncoding = 4; lastKnownFileType = sourcecode.c.objc; path = MGMFetchAlbumImageUrlsOperation.m; sourceTree = "<group>"; };
		65EB124417C4077E008EE886 /* MGMFetchSpotifyAlbumMetadataOperation.h */ = {isa = PBXFileReference; fileEncoding = 4; lastKnownFileType = sourcecode.c.h; path = MGMFetchSpotifyAlbumMetadataOperation.h; sourceTree = "<group>"; };
		65EB124517C4077E008EE886 /* MGMFetchSpotifyAlbumMetadataOperation.m */ = {isa = PBXFileReference; fileEncoding = 4; lastKnownFileType = sourcecode.c.objc; path = MGMFetchSpotifyAlbumMetadataOperation.m; sourceTree = "<group>"; };
		65ECD8FA17AC2F4300701A00 /* MGMHomeViewController~iphone.xib */ = {isa = PBXFileReference; fileEncoding = 4; lastKnownFileType = file.xib; path = "MGMHomeViewController~iphone.xib"; sourceTree = "<group>"; };
		65ECD8FC17AC39C500701A00 /* MGMAlbumSelectionDelegate.h */ = {isa = PBXFileReference; fileEncoding = 4; lastKnownFileType = sourcecode.c.h; path = MGMAlbumSelectionDelegate.h; sourceTree = "<group>"; };
		65ECD8FF17AC3B2E00701A00 /* MGMAlbumViewController.h */ = {isa = PBXFileReference; fileEncoding = 4; lastKnownFileType = sourcecode.c.h; path = MGMAlbumViewController.h; sourceTree = "<group>"; };
		65ECD90017AC3B2F00701A00 /* MGMAlbumViewController.m */ = {isa = PBXFileReference; fileEncoding = 4; lastKnownFileType = sourcecode.c.objc; path = MGMAlbumViewController.m; sourceTree = "<group>"; };
		65ECD90217AC3DCB00701A00 /* MGMAlbumPlayer.h */ = {isa = PBXFileReference; fileEncoding = 4; lastKnownFileType = sourcecode.c.h; path = MGMAlbumPlayer.h; sourceTree = "<group>"; };
		65ECD90317AC3DCB00701A00 /* MGMAlbumPlayer.m */ = {isa = PBXFileReference; fileEncoding = 4; lastKnownFileType = sourcecode.c.objc; path = MGMAlbumPlayer.m; sourceTree = "<group>"; };
		65FAB9DC17C11CB200BCEA8E /* MGMCoreDataThreadManager.h */ = {isa = PBXFileReference; fileEncoding = 4; lastKnownFileType = sourcecode.c.h; path = MGMCoreDataThreadManager.h; sourceTree = "<group>"; };
		65FAB9DD17C11CB200BCEA8E /* MGMCoreDataThreadManager.m */ = {isa = PBXFileReference; fileEncoding = 4; lastKnownFileType = sourcecode.c.objc; path = MGMCoreDataThreadManager.m; sourceTree = "<group>"; };
/* End PBXFileReference section */

/* Begin PBXFrameworksBuildPhase section */
		659F9F3B175B928E000C413B /* Frameworks */ = {
			isa = PBXFrameworksBuildPhase;
			buildActionMask = 2147483647;
			files = (
				65E975B417B6B43400CF53B2 /* CoreData.framework in Frameworks */,
				659F9F46175B928E000C413B /* CoreGraphics.framework in Frameworks */,
				659F9F44175B928E000C413B /* Foundation.framework in Frameworks */,
				65E79B0817C2444C008CCDA3 /* SystemConfiguration.framework in Frameworks */,
				659F9F42175B928E000C413B /* UIKit.framework in Frameworks */,
				65E8110A17AD014800FCBC9F /* libz.dylib in Frameworks */,
				65EB123317C3FB66008EE886 /* libTestFlight.a in Frameworks */,
			);
			runOnlyForDeploymentPostprocessing = 0;
		};
		659F9F5A175B928E000C413B /* Frameworks */ = {
			isa = PBXFrameworksBuildPhase;
			buildActionMask = 2147483647;
			files = (
				65936A0A17BCB2840070A9C6 /* CoreData.framework in Frameworks */,
				659F9F62175B928E000C413B /* Foundation.framework in Frameworks */,
				659F9F60175B928E000C413B /* SenTestingKit.framework in Frameworks */,
				65B7000117C4AB9800D4173C /* SystemConfiguration.framework in Frameworks */,
				65B7000017C4AAFC00D4173C /* libTestFlight.a in Frameworks */,
			);
			runOnlyForDeploymentPostprocessing = 0;
		};
/* End PBXFrameworksBuildPhase section */

/* Begin PBXGroup section */
		650B7B9C17BEBA2900B14305 /* Dto */ = {
			isa = PBXGroup;
			children = (
				650B7BA117BEBA7E00B14305 /* MGMTimePeriodDto.h */,
				650B7BA217BEBA7E00B14305 /* MGMTimePeriodDto.m */,
				650B7BA517BEBA9F00B14305 /* MGMWeeklyChartDto.h */,
				650B7BA617BEBA9F00B14305 /* MGMWeeklyChartDto.m */,
				650B7BA917BEBAAF00B14305 /* MGMChartEntryDto.h */,
				650B7BAA17BEBAAF00B14305 /* MGMChartEntryDto.m */,
				650B7B9D17BEBA5400B14305 /* MGMAlbumDto.h */,
				650B7B9E17BEBA5400B14305 /* MGMAlbumDto.m */,
				650B7BB117BEBAE200B14305 /* MGMAlbumImageUriDto.h */,
				650B7BB217BEBAE200B14305 /* MGMAlbumImageUriDto.m */,
				650B7BB517BEBAEF00B14305 /* MGMAlbumMetadataDto.h */,
				650B7BB617BEBAEF00B14305 /* MGMAlbumMetadataDto.m */,
				650B7BAD17BEBAD300B14305 /* MGMEventDto.h */,
				650B7BAE17BEBAD300B14305 /* MGMEventDto.m */,
			);
			name = Dto;
			sourceTree = "<group>";
		};
		65291AF31775F658002595AC /* WeeklyChart */ = {
			isa = PBXGroup;
			children = (
				653B6BBD175FDB4B005D372C /* MGMWeeklyChartViewController.h */,
				653B6BBE175FDB4B005D372C /* MGMWeeklyChartViewController.m */,
				651CC69D176F9455007B7F0D /* MGMWeeklyChartAlbumsView.h */,
				651CC69E176F9455007B7F0D /* MGMWeeklyChartAlbumsView.m */,
				65291B0517761A75002595AC /* MGMWeeklyChartViewController~iphone.xib */,
				65291B0717762539002595AC /* MGMWeeklyChartViewController~ipad.xib */,
			);
			name = WeeklyChart;
			sourceTree = "<group>";
		};
		65291B0217760CD6002595AC /* Common */ = {
			isa = PBXGroup;
			children = (
				65291AFF177606E2002595AC /* UIViewController+MGMAdditions.h */,
				65291B00177606E2002595AC /* UIViewController+MGMAdditions.m */,
				653B6BCC175FDCAA005D372C /* MGMTransitionViewController.h */,
				653B6BCD175FDCAA005D372C /* MGMTransitionViewController.m */,
				653B6BC3175FDB4B005D372C /* MGMView.h */,
				653B6BC4175FDB4B005D372C /* MGMView.m */,
				6594349F1777701C00DCA9DB /* MGMViewController.h */,
				659434A01777701C00DCA9DB /* MGMViewController.m */,
				65ECD8FF17AC3B2E00701A00 /* MGMAlbumViewController.h */,
				65ECD90017AC3B2F00701A00 /* MGMAlbumViewController.m */,
				650F13C017AABB060048226A /* MGMAlbumView.h */,
				650F13C117AABB060048226A /* MGMAlbumView.m */,
				65ECD8FC17AC39C500701A00 /* MGMAlbumSelectionDelegate.h */,
				651238C617B16C3300C5D353 /* MGMAbstractEventController.h */,
				651238C717B16C3300C5D353 /* MGMAbstractEventController.m */,
				65B782EE17C1451C00608B3E /* MGMCoreDataTableViewDataSource.h */,
				65B782EF17C1451C00608B3E /* MGMCoreDataTableViewDataSource.m */,
			);
			name = Common;
			sourceTree = "<group>";
		};
		652C8715179DD51D0059595E /* Web */ = {
			isa = PBXGroup;
			children = (
				652C8716179DD53C0059595E /* MGMWebViewController.h */,
				652C8717179DD53C0059595E /* MGMWebViewController.m */,
				652C8719179DD6AE0059595E /* MGMWebViewController~ipad.xib */,
			);
			name = Web;
			sourceTree = "<group>";
		};
		653B6BA5175FD053005D372C /* Core */ = {
			isa = PBXGroup;
			children = (
				653B6BBF175FDB4B005D372C /* MGMCore.h */,
				653B6BC0175FDB4B005D372C /* MGMCore.m */,
				65E79B0317C2431D008CCDA3 /* MGMReachabilityManager.h */,
				65E79B0417C2431D008CCDA3 /* MGMReachabilityManager.m */,
				65BA8A2A17A434EF0054966B /* MGMURLCache.h */,
				65BA8A2B17A434EF0054966B /* MGMURLCache.m */,
				652FD00317722BFC00CF5F89 /* MGMGridManager.h */,
				652FD00417722BFC00CF5F89 /* MGMGridManager.m */,
				65ECD90217AC3DCB00701A00 /* MGMAlbumPlayer.h */,
				65ECD90317AC3DCB00701A00 /* MGMAlbumPlayer.m */,
				65E8110B17AD040500FCBC9F /* MGMLogging.h */,
				65DF2B9A17BFA41E00BAF25A /* MGMCompletion.h */,
				653B6BB8175FD12F005D372C /* Dao */,
				650B7B9C17BEBA2900B14305 /* Dto */,
				653B6BA7175FD073005D372C /* Model */,
			);
			name = Core;
			sourceTree = "<group>";
		};
		653B6BA6175FD058005D372C /* UI */ = {
			isa = PBXGroup;
			children = (
				65291B0217760CD6002595AC /* Common */,
				65E53CE31785CAAE001ECA79 /* Navigation */,
				65E53CE91785CF3D001ECA79 /* Home */,
				6594349417776AB400DCA9DB /* Events */,
				65291AF31775F658002595AC /* WeeklyChart */,
				6576DDAF17AD11A200BCB00B /* Album Detail */,
				652C8715179DD51D0059595E /* Web */,
				653B6BC1175FDB4B005D372C /* MGMUI.h */,
				653B6BC2175FDB4B005D372C /* MGMUI.m */,
				659F9F50175B928E000C413B /* MGMAppDelegate.h */,
				659F9F51175B928E000C413B /* MGMAppDelegate.m */,
				656D01B5176C5EC500B9B0B3 /* MGMImageHelper.h */,
				656D01B6176C5EC500B9B0B3 /* MGMImageHelper.m */,
			);
			name = UI;
			sourceTree = "<group>";
		};
		653B6BA7175FD073005D372C /* Model */ = {
			isa = PBXGroup;
			children = (
				65E975B517B6BD6F00CF53B2 /* MusicGeekMonthly.xcdatamodeld */,
				65B782F117C1469800608B3E /* MGMRenderable.h */,
				65DF2B9E17BFBF8500BAF25A /* MGMNextUrlAccess.h */,
				65DF2B9F17BFBF8700BAF25A /* MGMNextUrlAccess.m */,
				65E975B817B6CB1600CF53B2 /* MGMTimePeriod.h */,
				65E975B917B6CB1600CF53B2 /* MGMTimePeriod.m */,
				65E975C117B6CB1800CF53B2 /* MGMWeeklyChart.h */,
				65E975C217B6CB1800CF53B2 /* MGMWeeklyChart.m */,
				650BF24917B97DAB00020C2B /* MGMChartEntry.h */,
				650BF24A17B97DAB00020C2B /* MGMChartEntry.m */,
				65E975BB17B6CB1700CF53B2 /* MGMAlbum.h */,
				65E975BC17B6CB1700CF53B2 /* MGMAlbum.m */,
				650B7BB917BEBBA400B14305 /* MGMAlbumImageSize.h */,
				650BEEFE17BBE213008A57AF /* MGMAlbumImageUri.h */,
				650BEEFF17BBE213008A57AF /* MGMAlbumImageUri.m */,
				650B7BBD17BEBBBD00B14305 /* MGMAlbumServiceType.h */,
				650BEEFA17BBE212008A57AF /* MGMAlbumMetadata.h */,
				650BEEFB17BBE212008A57AF /* MGMAlbumMetadata.m */,
				65E975BE17B6CB1800CF53B2 /* MGMEvent.h */,
				65E975BF17B6CB1800CF53B2 /* MGMEvent.m */,
			);
			name = Model;
			sourceTree = "<group>";
		};
		653B6BB8175FD12F005D372C /* Dao */ = {
			isa = PBXGroup;
			children = (
				65215F98176BA64300250168 /* MGMDaoFactory.h */,
				65215F99176BA64300250168 /* MGMDaoFactory.m */,
				6508CB18176BB05700594244 /* MGMDao.h */,
				6508CB19176BB05700594244 /* MGMDao.m */,
				65E975AC17B6A8FB00CF53B2 /* MGMHttpDao.h */,
				65E975AD17B6A8FB00CF53B2 /* MGMHttpDao.m */,
				65E975A917B6A8E100CF53B2 /* MGMCoreDataDao.h */,
				65E975AA17B6A8E100CF53B2 /* MGMCoreDataDao.m */,
				65FAB9DC17C11CB200BCEA8E /* MGMCoreDataThreadManager.h */,
				65FAB9DD17C11CB200BCEA8E /* MGMCoreDataThreadManager.m */,
				650B7BC117BEC03500B14305 /* MGMCoreDataDaoSync.h */,
				650B7BC217BEC03500B14305 /* MGMCoreDataDaoSync.m */,
				65E975C417B6CD5900CF53B2 /* MGMCoreDataAwareDao.h */,
				65E975C517B6CD5900CF53B2 /* MGMCoreDataAwareDao.m */,
				6509FF6C17AC5F4700DE68DE /* MGMAlbumMetadataDao.h */,
				6509FF6D17AC5F4700DE68DE /* MGMAlbumMetadataDao.m */,
				653B6BB9175FD13F005D372C /* MGMLastFmDao.h */,
				653B6BBA175FD13F005D372C /* MGMLastFmDao.m */,
				6508CB14176BACF400594244 /* MGMSpotifyDao.h */,
				6508CB15176BACF400594244 /* MGMSpotifyDao.m */,
				65CD17011785A66F0082168D /* MGMEventsDao.h */,
				65CD17021785A66F0082168D /* MGMEventsDao.m */,
				65EB122517C3FAE1008EE886 /* Operations */,
			);
			name = Dao;
			sourceTree = "<group>";
		};
		6576DDAF17AD11A200BCB00B /* Album Detail */ = {
			isa = PBXGroup;
			children = (
			);
			name = "Album Detail";
			sourceTree = "<group>";
		};
		6594349417776AB400DCA9DB /* Events */ = {
			isa = PBXGroup;
			children = (
				6594349817776BE800DCA9DB /* MGMEventsViewController.h */,
				6594349917776BE800DCA9DB /* MGMEventsViewController.m */,
				65B782F217C1525D00608B3E /* MGMEventTableViewDataSource.h */,
				65B782F317C1525D00608B3E /* MGMEventTableViewDataSource.m */,
				659434A217777A9F00DCA9DB /* MGMEventsViewController~ipad.xib */,
				6523827A17AD094E00FAE0B3 /* MGMEventsViewController~iphone.xib */,
				65B782F717C155CD00608B3E /* MGMEventTableCell.h */,
				65B782F817C155CD00608B3E /* MGMEventTableCell.m */,
				65B782F517C1552D00608B3E /* MGMEventTableCell.xib */,
			);
			name = Events;
			sourceTree = "<group>";
		};
		659F9F35175B928E000C413B = {
			isa = PBXGroup;
			children = (
				65D451451764F54C00374C5F /* Resources */,
				659F9F47175B928E000C413B /* MusicGeekMonthly */,
				659F9F65175B928E000C413B /* MusicGeekMonthlyTests */,
				659F9F40175B928E000C413B /* Frameworks */,
				659F9F3F175B928E000C413B /* Products */,
			);
			sourceTree = "<group>";
		};
		659F9F3F175B928E000C413B /* Products */ = {
			isa = PBXGroup;
			children = (
				659F9F3E175B928E000C413B /* MusicGeekMonthly.app */,
				659F9F5E175B928E000C413B /* MusicGeekMonthlyTests.octest */,
			);
			name = Products;
			sourceTree = "<group>";
		};
		659F9F40175B928E000C413B /* Frameworks */ = {
			isa = PBXGroup;
			children = (
				65E975B317B6B43400CF53B2 /* CoreData.framework */,
				659F9F45175B928E000C413B /* CoreGraphics.framework */,
				659F9F43175B928E000C413B /* Foundation.framework */,
				659F9F5F175B928E000C413B /* SenTestingKit.framework */,
				65E79B0717C2444C008CCDA3 /* SystemConfiguration.framework */,
				659F9F41175B928E000C413B /* UIKit.framework */,
				65EB123217C3FB66008EE886 /* libTestFlight.a */,
				65E8110917AD014800FCBC9F /* libz.dylib */,
			);
			name = Frameworks;
			sourceTree = "<group>";
		};
		659F9F47175B928E000C413B /* MusicGeekMonthly */ = {
			isa = PBXGroup;
			children = (
				653B6BA5175FD053005D372C /* Core */,
				653B6BA6175FD058005D372C /* UI */,
				659F9F48175B928E000C413B /* Supporting Files */,
			);
			path = MusicGeekMonthly;
			sourceTree = "<group>";
		};
		659F9F48175B928E000C413B /* Supporting Files */ = {
			isa = PBXGroup;
			children = (
				659F9F49175B928E000C413B /* MusicGeekMonthly-Info.plist */,
				659F9F4A175B928E000C413B /* InfoPlist.strings */,
				659F9F4D175B928E000C413B /* main.m */,
				659F9F4F175B928E000C413B /* MusicGeekMonthly-Prefix.pch */,
				659F9F53175B928E000C413B /* Default.png */,
				659F9F55175B928E000C413B /* Default@2x.png */,
				659F9F57175B928E000C413B /* Default-568h@2x.png */,
			);
			name = "Supporting Files";
			sourceTree = "<group>";
		};
		659F9F65175B928E000C413B /* MusicGeekMonthlyTests */ = {
			isa = PBXGroup;
			children = (
				659F9F66175B928E000C413B /* Supporting Files */,
				65936A0817BCB1150070A9C6 /* MGMCoreDataTestCase.m */,
			);
			path = MusicGeekMonthlyTests;
			sourceTree = "<group>";
		};
		659F9F66175B928E000C413B /* Supporting Files */ = {
			isa = PBXGroup;
			children = (
				659F9F67175B928E000C413B /* MusicGeekMonthlyTests-Info.plist */,
				659F9F68175B928E000C413B /* InfoPlist.strings */,
			);
			name = "Supporting Files";
			sourceTree = "<group>";
		};
		65D451451764F54C00374C5F /* Resources */ = {
			isa = PBXGroup;
			children = (
				6554DE3317A053F0006A2A29 /* MGM_icon.png */,
				65D4514B1764F78800374C5F /* album1.png */,
				65D451491764F78800374C5F /* album2.png */,
				65D4514A1764F78800374C5F /* album3.png */,
				656D01B1176C5DB900B9B0B3 /* lastfm.png */,
				656D01B2176C5DB900B9B0B3 /* spotify.png */,
				652C8711179DBC370059595E /* wikipedia.png */,
				652C8713179DBDEB0059595E /* youtube.png */,
				65E53CEF1785D27D001ECA79 /* button_blank_blue_01.png */,
				65E53CF01785D27D001ECA79 /* button_blank_gray_01.png */,
				65E53CF11785D27D001ECA79 /* button_blank_red_01.png */,
				65E53CF21785D27D001ECA79 /* button_blank_yellow_01.png */,
			);
			name = Resources;
			sourceTree = "<group>";
		};
		65E53CE31785CAAE001ECA79 /* Navigation */ = {
			isa = PBXGroup;
			children = (
				65E53CE41785CACC001ECA79 /* MGMNavigationViewController.h */,
				65E53CE51785CACC001ECA79 /* MGMNavigationViewController.m */,
			);
			name = Navigation;
			sourceTree = "<group>";
		};
		65E53CE91785CF3D001ECA79 /* Home */ = {
			isa = PBXGroup;
			children = (
				65E53CEA1785CF57001ECA79 /* MGMHomeViewController.h */,
				65E53CEB1785CF57001ECA79 /* MGMHomeViewController.m */,
				65E53CED1785CF81001ECA79 /* MGMHomeViewController~ipad.xib */,
				65ECD8FA17AC2F4300701A00 /* MGMHomeViewController~iphone.xib */,
				652ABF86179EFE59005C8501 /* MGMPulsatingAlbumsView.h */,
				652ABF87179EFE59005C8501 /* MGMPulsatingAlbumsView.m */,
				65DF2B7F17BF703C00BAF25A /* MGMBackgroundAlbumArtFetcher.h */,
				65DF2B8017BF703C00BAF25A /* MGMBackgroundAlbumArtFetcher.m */,
			);
			name = Home;
			sourceTree = "<group>";
		};
		65EB122517C3FAE1008EE886 /* Operations */ = {
			isa = PBXGroup;
			children = (
				65EB122617C3FB18008EE886 /* MGMDaoFetchOperation.h */,
				65EB122717C3FB18008EE886 /* MGMDaoFetchOperation.m */,
				65EB124317C4073F008EE886 /* Events */,
				65EB123D17C3FFF7008EE886 /* LastFm */,
				65EB124217C40736008EE886 /* Spotify */,
			);
			name = Operations;
			sourceTree = "<group>";
		};
		65EB123D17C3FFF7008EE886 /* LastFm */ = {
			isa = PBXGroup;
			children = (
				65EB123917C3FCFB008EE886 /* MGMLastFmConstants.h */,
				65EB122A17C3FB18008EE886 /* MGMFetchAllTimePeriodsOperation.h */,
				65EB122B17C3FB18008EE886 /* MGMFetchAllTimePeriodsOperation.m */,
				65EB123517C3FC0F008EE886 /* MGMFetchWeeklyChartOperation.h */,
				65EB123617C3FC0F008EE886 /* MGMFetchWeeklyChartOperation.m */,
				65EB123E17C40025008EE886 /* MGMFetchAlbumImageUrlsOperation.h */,
				65EB123F17C40025008EE886 /* MGMFetchAlbumImageUrlsOperation.m */,
			);
			name = LastFm;
			sourceTree = "<group>";
		};
		65EB124217C40736008EE886 /* Spotify */ = {
			isa = PBXGroup;
			children = (
				65EB124417C4077E008EE886 /* MGMFetchSpotifyAlbumMetadataOperation.h */,
				65EB124517C4077E008EE886 /* MGMFetchSpotifyAlbumMetadataOperation.m */,
			);
			name = Spotify;
			sourceTree = "<group>";
		};
		65EB124317C4073F008EE886 /* Events */ = {
			isa = PBXGroup;
			children = (
				65EB122817C3FB18008EE886 /* MGMFetchAllEventsOperation.h */,
				65EB122917C3FB18008EE886 /* MGMFetchAllEventsOperation.m */,
			);
			name = Events;
			sourceTree = "<group>";
		};
/* End PBXGroup section */

/* Begin PBXNativeTarget section */
		659F9F3D175B928E000C413B /* MusicGeekMonthly */ = {
			isa = PBXNativeTarget;
			buildConfigurationList = 659F9F70175B928E000C413B /* Build configuration list for PBXNativeTarget "MusicGeekMonthly" */;
			buildPhases = (
				659F9F3A175B928E000C413B /* Sources */,
				659F9F3B175B928E000C413B /* Frameworks */,
				659F9F3C175B928E000C413B /* Resources */,
			);
			buildRules = (
			);
			dependencies = (
			);
			name = MusicGeekMonthly;
			productName = "Music Geek Monthly";
			productReference = 659F9F3E175B928E000C413B /* MusicGeekMonthly.app */;
			productType = "com.apple.product-type.application";
		};
		659F9F5D175B928E000C413B /* MusicGeekMonthlyTests */ = {
			isa = PBXNativeTarget;
			buildConfigurationList = 659F9F73175B928E000C413B /* Build configuration list for PBXNativeTarget "MusicGeekMonthlyTests" */;
			buildPhases = (
				659F9F59175B928E000C413B /* Sources */,
				659F9F5A175B928E000C413B /* Frameworks */,
				659F9F5B175B928E000C413B /* Resources */,
				659F9F5C175B928E000C413B /* ShellScript */,
			);
			buildRules = (
			);
			dependencies = (
				659F9F64175B928E000C413B /* PBXTargetDependency */,
			);
			name = MusicGeekMonthlyTests;
			productName = "Music Geek MonthlyTests";
			productReference = 659F9F5E175B928E000C413B /* MusicGeekMonthlyTests.octest */;
			productType = "com.apple.product-type.bundle";
		};
/* End PBXNativeTarget section */

/* Begin PBXProject section */
		659F9F36175B928E000C413B /* Project object */ = {
			isa = PBXProject;
			attributes = {
				CLASSPREFIX = MGM;
				LastUpgradeCheck = 0460;
				ORGANIZATIONNAME = "Ceri Hughes";
			};
			buildConfigurationList = 659F9F39175B928E000C413B /* Build configuration list for PBXProject "MusicGeekMonthly" */;
			compatibilityVersion = "Xcode 3.2";
			developmentRegion = English;
			hasScannedForEncodings = 0;
			knownRegions = (
				en,
			);
			mainGroup = 659F9F35175B928E000C413B;
			productRefGroup = 659F9F3F175B928E000C413B /* Products */;
			projectDirPath = "";
			projectRoot = "";
			targets = (
				659F9F3D175B928E000C413B /* MusicGeekMonthly */,
				659F9F5D175B928E000C413B /* MusicGeekMonthlyTests */,
			);
		};
/* End PBXProject section */

/* Begin PBXResourcesBuildPhase section */
		659F9F3C175B928E000C413B /* Resources */ = {
			isa = PBXResourcesBuildPhase;
			buildActionMask = 2147483647;
			files = (
				659F9F4C175B928E000C413B /* InfoPlist.strings in Resources */,
				659F9F54175B928E000C413B /* Default.png in Resources */,
				659F9F56175B928E000C413B /* Default@2x.png in Resources */,
				659F9F58175B928E000C413B /* Default-568h@2x.png in Resources */,
				65D451501764F78800374C5F /* album2.png in Resources */,
				65D451511764F78800374C5F /* album3.png in Resources */,
				65D451521764F78800374C5F /* album1.png in Resources */,
				656D01B3176C5DB900B9B0B3 /* lastfm.png in Resources */,
				656D01B4176C5DB900B9B0B3 /* spotify.png in Resources */,
				65291B0617761A75002595AC /* MGMWeeklyChartViewController~iphone.xib in Resources */,
				65291B0817762539002595AC /* MGMWeeklyChartViewController~ipad.xib in Resources */,
				659434A317777A9F00DCA9DB /* MGMEventsViewController~ipad.xib in Resources */,
				65E53CEE1785CF81001ECA79 /* MGMHomeViewController~ipad.xib in Resources */,
				65E53CF31785D27D001ECA79 /* button_blank_blue_01.png in Resources */,
				65E53CF41785D27D001ECA79 /* button_blank_gray_01.png in Resources */,
				65E53CF51785D27D001ECA79 /* button_blank_red_01.png in Resources */,
				65E53CF61785D27D001ECA79 /* button_blank_yellow_01.png in Resources */,
				652C8712179DBC370059595E /* wikipedia.png in Resources */,
				652C8714179DBDEB0059595E /* youtube.png in Resources */,
				652C871A179DD6AE0059595E /* MGMWebViewController~ipad.xib in Resources */,
				6554DE3417A053F0006A2A29 /* MGM_icon.png in Resources */,
				65ECD8FB17AC2F4300701A00 /* MGMHomeViewController~iphone.xib in Resources */,
				6523827B17AD094E00FAE0B3 /* MGMEventsViewController~iphone.xib in Resources */,
				65B782F617C1552D00608B3E /* MGMEventTableCell.xib in Resources */,
			);
			runOnlyForDeploymentPostprocessing = 0;
		};
		659F9F5B175B928E000C413B /* Resources */ = {
			isa = PBXResourcesBuildPhase;
			buildActionMask = 2147483647;
			files = (
				659F9F6A175B928E000C413B /* InfoPlist.strings in Resources */,
			);
			runOnlyForDeploymentPostprocessing = 0;
		};
/* End PBXResourcesBuildPhase section */

/* Begin PBXShellScriptBuildPhase section */
		659F9F5C175B928E000C413B /* ShellScript */ = {
			isa = PBXShellScriptBuildPhase;
			buildActionMask = 2147483647;
			files = (
			);
			inputPaths = (
			);
			outputPaths = (
			);
			runOnlyForDeploymentPostprocessing = 0;
			shellPath = /bin/sh;
			shellScript = "# Run the unit tests in this test bundle.\n\"${SYSTEM_DEVELOPER_DIR}/Tools/RunUnitTests\"\n";
		};
/* End PBXShellScriptBuildPhase section */

/* Begin PBXSourcesBuildPhase section */
		659F9F3A175B928E000C413B /* Sources */ = {
			isa = PBXSourcesBuildPhase;
			buildActionMask = 2147483647;
			files = (
				659F9F4E175B928E000C413B /* main.m in Sources */,
				659F9F52175B928E000C413B /* MGMAppDelegate.m in Sources */,
				653B6BBB175FD13F005D372C /* MGMLastFmDao.m in Sources */,
				653B6BC7175FDB4B005D372C /* MGMWeeklyChartViewController.m in Sources */,
				653B6BC8175FDB4B005D372C /* MGMCore.m in Sources */,
				653B6BC9175FDB4B005D372C /* MGMUI.m in Sources */,
				653B6BCA175FDB4B005D372C /* MGMView.m in Sources */,
				653B6BCE175FDCAB005D372C /* MGMTransitionViewController.m in Sources */,
				65215F9A176BA64300250168 /* MGMDaoFactory.m in Sources */,
				6508CB16176BACF400594244 /* MGMSpotifyDao.m in Sources */,
				6508CB1A176BB05700594244 /* MGMDao.m in Sources */,
				656D01B7176C5EC500B9B0B3 /* MGMImageHelper.m in Sources */,
				651CC69F176F9455007B7F0D /* MGMWeeklyChartAlbumsView.m in Sources */,
				652FD00517722BFC00CF5F89 /* MGMGridManager.m in Sources */,
				65291B01177606E2002595AC /* UIViewController+MGMAdditions.m in Sources */,
				6594349A17776BE800DCA9DB /* MGMEventsViewController.m in Sources */,
				659434A11777701C00DCA9DB /* MGMViewController.m in Sources */,
				65CD17031785A66F0082168D /* MGMEventsDao.m in Sources */,
				65E53CE61785CACC001ECA79 /* MGMNavigationViewController.m in Sources */,
				65E53CEC1785CF57001ECA79 /* MGMHomeViewController.m in Sources */,
				652C8718179DD53C0059595E /* MGMWebViewController.m in Sources */,
				652ABF88179EFE59005C8501 /* MGMPulsatingAlbumsView.m in Sources */,
				65BA8A2C17A434EF0054966B /* MGMURLCache.m in Sources */,
				650F13C217AABB060048226A /* MGMAlbumView.m in Sources */,
				65ECD90117AC3B2F00701A00 /* MGMAlbumViewController.m in Sources */,
				65ECD90417AC3DCB00701A00 /* MGMAlbumPlayer.m in Sources */,
				6509FF6E17AC5F4700DE68DE /* MGMAlbumMetadataDao.m in Sources */,
				651238C817B16C3300C5D353 /* MGMAbstractEventController.m in Sources */,
				65E975AB17B6A8E100CF53B2 /* MGMCoreDataDao.m in Sources */,
				65E975AE17B6A8FB00CF53B2 /* MGMHttpDao.m in Sources */,
				65E975B717B6BD6F00CF53B2 /* MusicGeekMonthly.xcdatamodeld in Sources */,
				65E975BA17B6CB1600CF53B2 /* MGMTimePeriod.m in Sources */,
				65E975BD17B6CB1700CF53B2 /* MGMAlbum.m in Sources */,
				65E975C017B6CB1800CF53B2 /* MGMEvent.m in Sources */,
				65E975C317B6CB1800CF53B2 /* MGMWeeklyChart.m in Sources */,
				65E975C617B6CD5A00CF53B2 /* MGMCoreDataAwareDao.m in Sources */,
				650BF24B17B97DAB00020C2B /* MGMChartEntry.m in Sources */,
				650BEEFC17BBE212008A57AF /* MGMAlbumMetadata.m in Sources */,
				650BEF0017BBE213008A57AF /* MGMAlbumImageUri.m in Sources */,
				650B7B9F17BEBA5400B14305 /* MGMAlbumDto.m in Sources */,
				650B7BA317BEBA7E00B14305 /* MGMTimePeriodDto.m in Sources */,
				650B7BA717BEBA9F00B14305 /* MGMWeeklyChartDto.m in Sources */,
				650B7BAB17BEBAAF00B14305 /* MGMChartEntryDto.m in Sources */,
				650B7BAF17BEBAD300B14305 /* MGMEventDto.m in Sources */,
				650B7BB317BEBAE200B14305 /* MGMAlbumImageUriDto.m in Sources */,
				650B7BB717BEBAEF00B14305 /* MGMAlbumMetadataDto.m in Sources */,
				650B7BC317BEC03500B14305 /* MGMCoreDataDaoSync.m in Sources */,
				65DF2B8117BF703C00BAF25A /* MGMBackgroundAlbumArtFetcher.m in Sources */,
				65DF2BA017BFBF8800BAF25A /* MGMNextUrlAccess.m in Sources */,
				65FAB9DE17C11CB300BCEA8E /* MGMCoreDataThreadManager.m in Sources */,
				65B782F017C1451C00608B3E /* MGMCoreDataTableViewDataSource.m in Sources */,
				65B782F417C1525D00608B3E /* MGMEventTableViewDataSource.m in Sources */,
				65B782F917C155CE00608B3E /* MGMEventTableCell.m in Sources */,
				65E79B0517C2431D008CCDA3 /* MGMReachabilityManager.m in Sources */,
				65EB122C17C3FB18008EE886 /* MGMDaoFetchOperation.m in Sources */,
				65EB122E17C3FB18008EE886 /* MGMFetchAllEventsOperation.m in Sources */,
				65EB123017C3FB18008EE886 /* MGMFetchAllTimePeriodsOperation.m in Sources */,
				65EB123717C3FC0F008EE886 /* MGMFetchWeeklyChartOperation.m in Sources */,
				65EB124017C40025008EE886 /* MGMFetchAlbumImageUrlsOperation.m in Sources */,
				65EB124617C4077E008EE886 /* MGMFetchSpotifyAlbumMetadataOperation.m in Sources */,
			);
			runOnlyForDeploymentPostprocessing = 0;
		};
		659F9F59175B928E000C413B /* Sources */ = {
			isa = PBXSourcesBuildPhase;
			buildActionMask = 2147483647;
			files = (
				65BEAEF917BE212A00796D93 /* MGMCore.m in Sources */,
				65BEAEFA17BE212E00796D93 /* MGMURLCache.m in Sources */,
				652FD00617722BFC00CF5F89 /* MGMGridManager.m in Sources */,
				65BEAEFB17BE214B00796D93 /* MGMDaoFactory.m in Sources */,
				6508CB1B176BB05700594244 /* MGMDao.m in Sources */,
				65BEAEFC17BE215200796D93 /* MGMHttpDao.m in Sources */,
				65BEAEFD17BE215600796D93 /* MGMCoreDataDao.m in Sources */,
				65BEAEFF17BE216700796D93 /* MGMCoreDataAwareDao.m in Sources */,
				6509FF6F17AC5F4700DE68DE /* MGMAlbumMetadataDao.m in Sources */,
				653B6BBC175FD13F005D372C /* MGMLastFmDao.m in Sources */,
				6508CB17176BACF400594244 /* MGMSpotifyDao.m in Sources */,
				65CD17041785A66F0082168D /* MGMEventsDao.m in Sources */,
				65BEAF0E17BE21AA00796D93 /* MusicGeekMonthly.xcdatamodeld in Sources */,
				65BEAF1017BE21AA00796D93 /* MGMTimePeriod.m in Sources */,
				65BEAF1217BE21AA00796D93 /* MGMWeeklyChart.m in Sources */,
				650BF24C17B97DAB00020C2B /* MGMChartEntry.m in Sources */,
				65BEAF1517BE21AA00796D93 /* MGMAlbum.m in Sources */,
				650BEF0117BBE213008A57AF /* MGMAlbumImageUri.m in Sources */,
				650BEEFD17BBE212008A57AF /* MGMAlbumMetadata.m in Sources */,
				65BEAF1917BE21AA00796D93 /* MGMEvent.m in Sources */,
				65936A0917BCB1150070A9C6 /* MGMCoreDataTestCase.m in Sources */,
				650B7BA017BEBA5400B14305 /* MGMAlbumDto.m in Sources */,
				650B7BA417BEBA7E00B14305 /* MGMTimePeriodDto.m in Sources */,
				650B7BA817BEBA9F00B14305 /* MGMWeeklyChartDto.m in Sources */,
				650B7BAC17BEBAAF00B14305 /* MGMChartEntryDto.m in Sources */,
				650B7BB017BEBAD300B14305 /* MGMEventDto.m in Sources */,
				650B7BB417BEBAE200B14305 /* MGMAlbumImageUriDto.m in Sources */,
				650B7BB817BEBAEF00B14305 /* MGMAlbumMetadataDto.m in Sources */,
				650B7BC417BEC03500B14305 /* MGMCoreDataDaoSync.m in Sources */,
				65DF2BA117BFBF8800BAF25A /* MGMNextUrlAccess.m in Sources */,
				65FAB9DF17C11CB300BCEA8E /* MGMCoreDataThreadManager.m in Sources */,
				65E79B0617C2431D008CCDA3 /* MGMReachabilityManager.m in Sources */,
				65EB122D17C3FB18008EE886 /* MGMDaoFetchOperation.m in Sources */,
				65EB122F17C3FB18008EE886 /* MGMFetchAllEventsOperation.m in Sources */,
				65EB123117C3FB18008EE886 /* MGMFetchAllTimePeriodsOperation.m in Sources */,
				65EB123817C3FC0F008EE886 /* MGMFetchWeeklyChartOperation.m in Sources */,
				65EB124117C40025008EE886 /* MGMFetchAlbumImageUrlsOperation.m in Sources */,
				65EB124717C4077E008EE886 /* MGMFetchSpotifyAlbumMetadataOperation.m in Sources */,
			);
			runOnlyForDeploymentPostprocessing = 0;
		};
/* End PBXSourcesBuildPhase section */

/* Begin PBXTargetDependency section */
		659F9F64175B928E000C413B /* PBXTargetDependency */ = {
			isa = PBXTargetDependency;
			target = 659F9F3D175B928E000C413B /* MusicGeekMonthly */;
			targetProxy = 659F9F63175B928E000C413B /* PBXContainerItemProxy */;
		};
/* End PBXTargetDependency section */

/* Begin PBXVariantGroup section */
		659F9F4A175B928E000C413B /* InfoPlist.strings */ = {
			isa = PBXVariantGroup;
			children = (
				659F9F4B175B928E000C413B /* en */,
			);
			name = InfoPlist.strings;
			sourceTree = "<group>";
		};
		659F9F68175B928E000C413B /* InfoPlist.strings */ = {
			isa = PBXVariantGroup;
			children = (
				659F9F69175B928E000C413B /* en */,
			);
			name = InfoPlist.strings;
			sourceTree = "<group>";
		};
/* End PBXVariantGroup section */

/* Begin XCBuildConfiguration section */
		659F9F6E175B928E000C413B /* Debug */ = {
			isa = XCBuildConfiguration;
			buildSettings = {
				ALWAYS_SEARCH_USER_PATHS = NO;
				CLANG_CXX_LANGUAGE_STANDARD = "gnu++0x";
				CLANG_CXX_LIBRARY = "libc++";
				CLANG_ENABLE_OBJC_ARC = YES;
				CLANG_WARN_CONSTANT_CONVERSION = YES;
				CLANG_WARN_EMPTY_BODY = YES;
				CLANG_WARN_ENUM_CONVERSION = YES;
				CLANG_WARN_INT_CONVERSION = YES;
				CLANG_WARN__DUPLICATE_METHOD_MATCH = YES;
				CODE_SIGN_IDENTITY = "iPhone Developer";
				"CODE_SIGN_IDENTITY[sdk=iphoneos*]" = "iPhone Developer";
				COPY_PHASE_STRIP = NO;
				GCC_C_LANGUAGE_STANDARD = gnu99;
				GCC_DYNAMIC_NO_PIC = NO;
				GCC_OPTIMIZATION_LEVEL = 0;
				GCC_PREPROCESSOR_DEFINITIONS = (
					"DEBUG=1",
					"$(inherited)",
				);
				GCC_SYMBOLS_PRIVATE_EXTERN = NO;
				GCC_WARN_ABOUT_RETURN_TYPE = YES;
				GCC_WARN_UNINITIALIZED_AUTOS = YES;
				GCC_WARN_UNUSED_VARIABLE = YES;
				IPHONEOS_DEPLOYMENT_TARGET = 6.1;
				ONLY_ACTIVE_ARCH = YES;
				PROVISIONING_PROFILE = "";
				SDKROOT = iphoneos;
				TARGETED_DEVICE_FAMILY = "1,2";
			};
			name = Debug;
		};
		659F9F6F175B928E000C413B /* Release */ = {
			isa = XCBuildConfiguration;
			buildSettings = {
				ALWAYS_SEARCH_USER_PATHS = NO;
				CLANG_CXX_LANGUAGE_STANDARD = "gnu++0x";
				CLANG_CXX_LIBRARY = "libc++";
				CLANG_ENABLE_OBJC_ARC = YES;
				CLANG_WARN_CONSTANT_CONVERSION = YES;
				CLANG_WARN_EMPTY_BODY = YES;
				CLANG_WARN_ENUM_CONVERSION = YES;
				CLANG_WARN_INT_CONVERSION = YES;
				CLANG_WARN__DUPLICATE_METHOD_MATCH = YES;
				CODE_SIGN_IDENTITY = "iPhone Developer";
				"CODE_SIGN_IDENTITY[sdk=iphoneos*]" = "iPhone Developer";
				COPY_PHASE_STRIP = YES;
				GCC_C_LANGUAGE_STANDARD = gnu99;
				GCC_WARN_ABOUT_RETURN_TYPE = YES;
				GCC_WARN_UNINITIALIZED_AUTOS = YES;
				GCC_WARN_UNUSED_VARIABLE = YES;
				IPHONEOS_DEPLOYMENT_TARGET = 6.1;
				OTHER_CFLAGS = "-DNS_BLOCK_ASSERTIONS=1";
				PROVISIONING_PROFILE = "";
				SDKROOT = iphoneos;
				TARGETED_DEVICE_FAMILY = "1,2";
				VALIDATE_PRODUCT = YES;
			};
			name = Release;
		};
		659F9F71175B928E000C413B /* Debug */ = {
			isa = XCBuildConfiguration;
			buildSettings = {
				GCC_PRECOMPILE_PREFIX_HEADER = YES;
				GCC_PREFIX_HEADER = "MusicGeekMonthly/MusicGeekMonthly-Prefix.pch";
				HEADER_SEARCH_PATHS = MusicGeekMonthly/Libraries/TestFlightSDK2.0.0;
				INFOPLIST_FILE = "MusicGeekMonthly/MusicGeekMonthly-Info.plist";
				LIBRARY_SEARCH_PATHS = (
					"$(inherited)",
					"\"$(SRCROOT)/MusicGeekMonthly/Libraries/TestFlightSDK2.0.0\"",
				);
				PRODUCT_NAME = MusicGeekMonthly;
				WRAPPER_EXTENSION = app;
			};
			name = Debug;
		};
		659F9F72175B928E000C413B /* Release */ = {
			isa = XCBuildConfiguration;
			buildSettings = {
				GCC_PRECOMPILE_PREFIX_HEADER = YES;
				GCC_PREFIX_HEADER = "MusicGeekMonthly/MusicGeekMonthly-Prefix.pch";
				HEADER_SEARCH_PATHS = MusicGeekMonthly/Libraries/TestFlightSDK2.0.0;
				INFOPLIST_FILE = "MusicGeekMonthly/MusicGeekMonthly-Info.plist";
				LIBRARY_SEARCH_PATHS = (
					"$(inherited)",
					"\"$(SRCROOT)/MusicGeekMonthly/Libraries/TestFlightSDK2.0.0\"",
				);
				PRODUCT_NAME = MusicGeekMonthly;
				WRAPPER_EXTENSION = app;
			};
			name = Release;
		};
		659F9F74175B928E000C413B /* Debug */ = {
			isa = XCBuildConfiguration;
			buildSettings = {
				BUNDLE_LOADER = "$(BUILT_PRODUCTS_DIR)/MusicGeekMonthly.app/MusicGeekMonthly";
				FRAMEWORK_SEARCH_PATHS = (
					"\"$(SDKROOT)/Developer/Library/Frameworks\"",
					"\"$(DEVELOPER_LIBRARY_DIR)/Frameworks\"",
				);
				GCC_PRECOMPILE_PREFIX_HEADER = YES;
				GCC_PREFIX_HEADER = "MusicGeekMonthly/MusicGeekMonthly-Prefix.pch";
				HEADER_SEARCH_PATHS = MusicGeekMonthly/Libraries/TestFlightSDK2.0.0;
				INFOPLIST_FILE = "MusicGeekMonthlyTests/MusicGeekMonthlyTests-Info.plist";
				LIBRARY_SEARCH_PATHS = (
					"$(inherited)",
					"\"$(SRCROOT)/MusicGeekMonthly/Libraries/TestFlightSDK2.0.0\"",
				);
				PRODUCT_NAME = MusicGeekMonthlyTests;
				TEST_HOST = "$(BUNDLE_LOADER)";
				WRAPPER_EXTENSION = octest;
			};
			name = Debug;
		};
		659F9F75175B928E000C413B /* Release */ = {
			isa = XCBuildConfiguration;
			buildSettings = {
				BUNDLE_LOADER = "$(BUILT_PRODUCTS_DIR)/MusicGeekMonthly.app/MusicGeekMonthly";
				FRAMEWORK_SEARCH_PATHS = (
					"\"$(SDKROOT)/Developer/Library/Frameworks\"",
					"\"$(DEVELOPER_LIBRARY_DIR)/Frameworks\"",
				);
				GCC_PRECOMPILE_PREFIX_HEADER = YES;
				GCC_PREFIX_HEADER = "MusicGeekMonthly/MusicGeekMonthly-Prefix.pch";
				HEADER_SEARCH_PATHS = MusicGeekMonthly/Libraries/TestFlightSDK2.0.0;
				INFOPLIST_FILE = "MusicGeekMonthlyTests/MusicGeekMonthlyTests-Info.plist";
				LIBRARY_SEARCH_PATHS = (
					"$(inherited)",
					"\"$(SRCROOT)/MusicGeekMonthly/Libraries/TestFlightSDK2.0.0\"",
				);
				PRODUCT_NAME = MusicGeekMonthlyTests;
				TEST_HOST = "$(BUNDLE_LOADER)";
				WRAPPER_EXTENSION = octest;
			};
			name = Release;
		};
/* End XCBuildConfiguration section */

/* Begin XCConfigurationList section */
		659F9F39175B928E000C413B /* Build configuration list for PBXProject "MusicGeekMonthly" */ = {
			isa = XCConfigurationList;
			buildConfigurations = (
				659F9F6E175B928E000C413B /* Debug */,
				659F9F6F175B928E000C413B /* Release */,
			);
			defaultConfigurationIsVisible = 0;
			defaultConfigurationName = Release;
		};
		659F9F70175B928E000C413B /* Build configuration list for PBXNativeTarget "MusicGeekMonthly" */ = {
			isa = XCConfigurationList;
			buildConfigurations = (
				659F9F71175B928E000C413B /* Debug */,
				659F9F72175B928E000C413B /* Release */,
			);
			defaultConfigurationIsVisible = 0;
			defaultConfigurationName = Release;
		};
		659F9F73175B928E000C413B /* Build configuration list for PBXNativeTarget "MusicGeekMonthlyTests" */ = {
			isa = XCConfigurationList;
			buildConfigurations = (
				659F9F74175B928E000C413B /* Debug */,
				659F9F75175B928E000C413B /* Release */,
			);
			defaultConfigurationIsVisible = 0;
			defaultConfigurationName = Release;
		};
/* End XCConfigurationList section */

/* Begin XCVersionGroup section */
		65E975B517B6BD6F00CF53B2 /* MusicGeekMonthly.xcdatamodeld */ = {
			isa = XCVersionGroup;
			children = (
				65E975B617B6BD6F00CF53B2 /* MusicGeekMonthly.xcdatamodel */,
			);
			currentVersion = 65E975B617B6BD6F00CF53B2 /* MusicGeekMonthly.xcdatamodel */;
			path = MusicGeekMonthly.xcdatamodeld;
			sourceTree = "<group>";
			versionGroupType = wrapper.xcdatamodel;
		};
/* End XCVersionGroup section */
	};
	rootObject = 659F9F36175B928E000C413B /* Project object */;
}
