// !$*UTF8*$!
{
	archiveVersion = 1;
	classes = {
	};
	objectVersion = 50;
	objects = {

/* Begin PBXBuildFile section */
		6507A1FC218C8FE200C26202 /* FullWidthCollectionViewLayout.swift in Sources */ = {isa = PBXBuildFile; fileRef = 6507A1FB218C8FE200C26202 /* FullWidthCollectionViewLayout.swift */; };
		6512F30421933D06004CD379 /* LatestEventCollectionSectionHeaderView.swift in Sources */ = {isa = PBXBuildFile; fileRef = 6512F30321933D06004CD379 /* LatestEventCollectionSectionHeaderView.swift */; };
		6512F30621934DEE004CD379 /* ErrorMessages.swift in Sources */ = {isa = PBXBuildFile; fileRef = 6512F30521934DEE004CD379 /* ErrorMessages.swift */; };
		6528005C2193840D00100167 /* Fabric.framework in Frameworks */ = {isa = PBXBuildFile; fileRef = 6528005A2193840C00100167 /* Fabric.framework */; };
		6528005D2193840D00100167 /* Crashlytics.framework in Frameworks */ = {isa = PBXBuildFile; fileRef = 6528005B2193840D00100167 /* Crashlytics.framework */; };
		6540A51B218C85260028B382 /* ScoresCollectionViewCell.swift in Sources */ = {isa = PBXBuildFile; fileRef = 6540A51A218C85260028B382 /* ScoresCollectionViewCell.swift */; };
		6540A51D218C87010028B382 /* UIView+Extensions.swift in Sources */ = {isa = PBXBuildFile; fileRef = 6540A51C218C87010028B382 /* UIView+Extensions.swift */; };
		6553CF8B21907C4A0020EEC2 /* LatestEventViewModel.swift in Sources */ = {isa = PBXBuildFile; fileRef = 6553CF8A21907C4A0020EEC2 /* LatestEventViewModel.swift */; };
		6553CF8D21907CB30020EEC2 /* LatestEventEntityViewModel.swift in Sources */ = {isa = PBXBuildFile; fileRef = 6553CF8C21907CB30020EEC2 /* LatestEventEntityViewModel.swift */; };
		6553CF9121907F9A0020EEC2 /* ViewModelDataLoader.swift in Sources */ = {isa = PBXBuildFile; fileRef = 6553CF9021907F9A0020EEC2 /* ViewModelDataLoader.swift */; };
		6553CF932190890B0020EEC2 /* LatestEventView.swift in Sources */ = {isa = PBXBuildFile; fileRef = 6553CF922190890B0020EEC2 /* LatestEventView.swift */; };
		6553CF95219089560020EEC2 /* DataLoadingView.swift in Sources */ = {isa = PBXBuildFile; fileRef = 6553CF94219089560020EEC2 /* DataLoadingView.swift */; };
		6566197321908BFA0068EA1B /* LatestEventEntityCollectionViewCell.swift in Sources */ = {isa = PBXBuildFile; fileRef = 6566197221908BFA0068EA1B /* LatestEventEntityCollectionViewCell.swift */; };
		6566197521908CE20068EA1B /* LatestEventViewController.swift in Sources */ = {isa = PBXBuildFile; fileRef = 6566197421908CE20068EA1B /* LatestEventViewController.swift */; };
		65661978219092080068EA1B /* AlbumArtViewModel.swift in Sources */ = {isa = PBXBuildFile; fileRef = 65661977219092080068EA1B /* AlbumArtViewModel.swift */; };
		6566197A2190969A0068EA1B /* AlbumCollectionViewCell.swift in Sources */ = {isa = PBXBuildFile; fileRef = 656619792190969A0068EA1B /* AlbumCollectionViewCell.swift */; };
		6566198C2190A7730068EA1B /* ScoresViewControllerProvider.swift in Sources */ = {isa = PBXBuildFile; fileRef = 6566198B2190A7730068EA1B /* ScoresViewControllerProvider.swift */; };
		6566198E2190A8910068EA1B /* ResourceLocator.swift in Sources */ = {isa = PBXBuildFile; fileRef = 6566198D2190A8910068EA1B /* ResourceLocator.swift */; };
		656619902190A9470068EA1B /* LatestEventViewControllerProvider.swift in Sources */ = {isa = PBXBuildFile; fileRef = 6566198F2190A9470068EA1B /* LatestEventViewControllerProvider.swift */; };
		656619932190ACCD0068EA1B /* SpotifyLaunchViewControllerProvider.swift in Sources */ = {isa = PBXBuildFile; fileRef = 656619922190ACCD0068EA1B /* SpotifyLaunchViewControllerProvider.swift */; };
		656619952190AFBF0068EA1B /* ForwardNavigatingViewController.swift in Sources */ = {isa = PBXBuildFile; fileRef = 656619942190AFBF0068EA1B /* ForwardNavigatingViewController.swift */; };
		656619972190BB5F0068EA1B /* ExternalAppLauncher.swift in Sources */ = {isa = PBXBuildFile; fileRef = 656619962190BB5F0068EA1B /* ExternalAppLauncher.swift */; };
		6589F77821A8641900D08A0A /* Madog.framework in Frameworks */ = {isa = PBXBuildFile; fileRef = 6589F77721A8641900D08A0A /* Madog.framework */; };
		658AE763218DF75C002D4AE5 /* AverageColorProcessor.swift in Sources */ = {isa = PBXBuildFile; fileRef = 658AE762218DF75C002D4AE5 /* AverageColorProcessor.swift */; };
		658BD83222295CC3008E0EB1 /* ScoresViewModelTests.swift in Sources */ = {isa = PBXBuildFile; fileRef = 658BD83122295CC3008E0EB1 /* ScoresViewModelTests.swift */; };
		658BD83522295E3D008E0EB1 /* MockViewModelDataLoader.swift in Sources */ = {isa = PBXBuildFile; fileRef = 658BD83422295E3D008E0EB1 /* MockViewModelDataLoader.swift */; };
		658BD83622296020008E0EB1 /* GCPDataConverter.swift in Sources */ = {isa = PBXBuildFile; fileRef = 65E4855A2199C86400CCE895 /* GCPDataConverter.swift */; };
		658BD83722296028008E0EB1 /* ViewModelDataLoader.swift in Sources */ = {isa = PBXBuildFile; fileRef = 6553CF9021907F9A0020EEC2 /* ViewModelDataLoader.swift */; };
		658BD83822296030008E0EB1 /* DataLoader.swift in Sources */ = {isa = PBXBuildFile; fileRef = 65BDAABE2189F69C007E887B /* DataLoader.swift */; };
		658BD83922296042008E0EB1 /* GCPDataLoader.swift in Sources */ = {isa = PBXBuildFile; fileRef = 65E485562199C78D00CCE895 /* GCPDataLoader.swift */; };
		658BD83A22296059008E0EB1 /* Model.swift in Sources */ = {isa = PBXBuildFile; fileRef = 65BDAAC92189FEF8007E887B /* Model.swift */; };
		658BD83B2229606D008E0EB1 /* DateFormatter+Extensions.swift in Sources */ = {isa = PBXBuildFile; fileRef = 65BDAAC72189FDE9007E887B /* DateFormatter+Extensions.swift */; };
		658BD840222967E1008E0EB1 /* MockImageLoader.swift in Sources */ = {isa = PBXBuildFile; fileRef = 658BD83F222967E1008E0EB1 /* MockImageLoader.swift */; };
		658BD841222967EC008E0EB1 /* ImageLoader.swift in Sources */ = {isa = PBXBuildFile; fileRef = 65D2AD9B218B36DD002BB0C9 /* ImageLoader.swift */; };
		658BD84222296851008E0EB1 /* ScoresViewModel.swift in Sources */ = {isa = PBXBuildFile; fileRef = 65D2AD97218B3105002BB0C9 /* ScoresViewModel.swift */; };
		658BD843222968E3008E0EB1 /* ScoreViewModel.swift in Sources */ = {isa = PBXBuildFile; fileRef = 65D2AD99218B330D002BB0C9 /* ScoreViewModel.swift */; };
		658BD844222968F3008E0EB1 /* AlbumArtViewModel.swift in Sources */ = {isa = PBXBuildFile; fileRef = 65661977219092080068EA1B /* AlbumArtViewModel.swift */; };
		658BD84522296901008E0EB1 /* URL+SpotifyExtensions.swift in Sources */ = {isa = PBXBuildFile; fileRef = 65E9AEB52191E09F001B36D6 /* URL+SpotifyExtensions.swift */; };
		658BD84622296913008E0EB1 /* ErrorMessages.swift in Sources */ = {isa = PBXBuildFile; fileRef = 6512F30521934DEE004CD379 /* ErrorMessages.swift */; };
		65981ABC227DDADA0094248E /* Provident.framework in Frameworks */ = {isa = PBXBuildFile; fileRef = 65981ABB227DDAD90094248E /* Provident.framework */; };
		65981ABE227DDB060094248E /* MGMResolver.swift in Sources */ = {isa = PBXBuildFile; fileRef = 65981ABD227DDB060094248E /* MGMResolver.swift */; };
		659DED6E219317F200226579 /* LatestEventLocationCollectionViewCell.swift in Sources */ = {isa = PBXBuildFile; fileRef = 659DED6D219317F200226579 /* LatestEventLocationCollectionViewCell.swift */; };
		659DED7121931FFF00226579 /* AppleMapsLaunchViewControllerProvider.swift in Sources */ = {isa = PBXBuildFile; fileRef = 659DED7021931FFF00226579 /* AppleMapsLaunchViewControllerProvider.swift */; };
		65A4C3FA21E25631000148EE /* TypedViewControllerProvider.swift in Sources */ = {isa = PBXBuildFile; fileRef = 65A4C3F921E25631000148EE /* TypedViewControllerProvider.swift */; };
		65BDAA8F2189F55C007E887B /* AppDelegate.swift in Sources */ = {isa = PBXBuildFile; fileRef = 65BDAA8E2189F55C007E887B /* AppDelegate.swift */; };
		65BDAA912189F55C007E887B /* ScoresViewController.swift in Sources */ = {isa = PBXBuildFile; fileRef = 65BDAA902189F55C007E887B /* ScoresViewController.swift */; };
		65BDAA962189F55D007E887B /* Assets.xcassets in Resources */ = {isa = PBXBuildFile; fileRef = 65BDAA952189F55D007E887B /* Assets.xcassets */; };
		65BDAA992189F55D007E887B /* LaunchScreen.storyboard in Resources */ = {isa = PBXBuildFile; fileRef = 65BDAA972189F55D007E887B /* LaunchScreen.storyboard */; };
		65BDAABF2189F69C007E887B /* DataLoader.swift in Sources */ = {isa = PBXBuildFile; fileRef = 65BDAABE2189F69C007E887B /* DataLoader.swift */; };
		65BDAAC82189FDE9007E887B /* DateFormatter+Extensions.swift in Sources */ = {isa = PBXBuildFile; fileRef = 65BDAAC72189FDE9007E887B /* DateFormatter+Extensions.swift */; };
		65BDAACA2189FEF8007E887B /* Model.swift in Sources */ = {isa = PBXBuildFile; fileRef = 65BDAAC92189FEF8007E887B /* Model.swift */; };
		65BDAACF218A068E007E887B /* MockDataLoader.swift in Sources */ = {isa = PBXBuildFile; fileRef = 65BDAACE218A068E007E887B /* MockDataLoader.swift */; };
		65BDAAD8218A096A007E887B /* XCTestCase+Extensions.swift in Sources */ = {isa = PBXBuildFile; fileRef = 65BDAAD7218A096A007E887B /* XCTestCase+Extensions.swift */; };
		65D2AD98218B3105002BB0C9 /* ScoresViewModel.swift in Sources */ = {isa = PBXBuildFile; fileRef = 65D2AD97218B3105002BB0C9 /* ScoresViewModel.swift */; };
		65D2AD9A218B330D002BB0C9 /* ScoreViewModel.swift in Sources */ = {isa = PBXBuildFile; fileRef = 65D2AD99218B330D002BB0C9 /* ScoreViewModel.swift */; };
		65D2AD9C218B36DD002BB0C9 /* ImageLoader.swift in Sources */ = {isa = PBXBuildFile; fileRef = 65D2AD9B218B36DD002BB0C9 /* ImageLoader.swift */; };
		65D2AD9E218B5143002BB0C9 /* ScoresView.swift in Sources */ = {isa = PBXBuildFile; fileRef = 65D2AD9D218B5143002BB0C9 /* ScoresView.swift */; };
		65D89F44221720A90075238E /* GCPDataConverterTests.swift in Sources */ = {isa = PBXBuildFile; fileRef = 65D89F43221720A90075238E /* GCPDataConverterTests.swift */; };
		65D89F47221721340075238E /* GoodData.json in Resources */ = {isa = PBXBuildFile; fileRef = 65D89F46221721340075238E /* GoodData.json */; };
		65E4374121A9C021001D9311 /* ViewModelDataLoaderServiceProvider.swift in Sources */ = {isa = PBXBuildFile; fileRef = 65E4374021A9C021001D9311 /* ViewModelDataLoaderServiceProvider.swift */; };
		65E485572199C78D00CCE895 /* GCPDataLoader.swift in Sources */ = {isa = PBXBuildFile; fileRef = 65E485562199C78D00CCE895 /* GCPDataLoader.swift */; };
		65E485592199C82A00CCE895 /* gcp.json in Resources */ = {isa = PBXBuildFile; fileRef = 65E485582199C82A00CCE895 /* gcp.json */; };
		65E4855B2199C86400CCE895 /* GCPDataConverter.swift in Sources */ = {isa = PBXBuildFile; fileRef = 65E4855A2199C86400CCE895 /* GCPDataConverter.swift */; };
		65E9AEB62191E09F001B36D6 /* URL+SpotifyExtensions.swift in Sources */ = {isa = PBXBuildFile; fileRef = 65E9AEB52191E09F001B36D6 /* URL+SpotifyExtensions.swift */; };
/* End PBXBuildFile section */

/* Begin PBXContainerItemProxy section */
		65BDAAA02189F55D007E887B /* PBXContainerItemProxy */ = {
			isa = PBXContainerItemProxy;
			containerPortal = 65BDAA832189F55C007E887B /* Project object */;
			proxyType = 1;
			remoteGlobalIDString = 65BDAA8A2189F55C007E887B;
			remoteInfo = MusicGeekMonthlySwift;
		};
/* End PBXContainerItemProxy section */

/* Begin PBXFileReference section */
		6507A1FB218C8FE200C26202 /* FullWidthCollectionViewLayout.swift */ = {isa = PBXFileReference; lastKnownFileType = sourcecode.swift; path = FullWidthCollectionViewLayout.swift; sourceTree = "<group>"; };
		6512F30321933D06004CD379 /* LatestEventCollectionSectionHeaderView.swift */ = {isa = PBXFileReference; lastKnownFileType = sourcecode.swift; path = LatestEventCollectionSectionHeaderView.swift; sourceTree = "<group>"; };
		6512F30521934DEE004CD379 /* ErrorMessages.swift */ = {isa = PBXFileReference; lastKnownFileType = sourcecode.swift; path = ErrorMessages.swift; sourceTree = "<group>"; };
		6528005A2193840C00100167 /* Fabric.framework */ = {isa = PBXFileReference; lastKnownFileType = wrapper.framework; path = Fabric.framework; sourceTree = "<group>"; };
		6528005B2193840D00100167 /* Crashlytics.framework */ = {isa = PBXFileReference; lastKnownFileType = wrapper.framework; path = Crashlytics.framework; sourceTree = "<group>"; };
		6540A51A218C85260028B382 /* ScoresCollectionViewCell.swift */ = {isa = PBXFileReference; lastKnownFileType = sourcecode.swift; path = ScoresCollectionViewCell.swift; sourceTree = "<group>"; };
		6540A51C218C87010028B382 /* UIView+Extensions.swift */ = {isa = PBXFileReference; lastKnownFileType = sourcecode.swift; path = "UIView+Extensions.swift"; sourceTree = "<group>"; };
		6553CF8A21907C4A0020EEC2 /* LatestEventViewModel.swift */ = {isa = PBXFileReference; lastKnownFileType = sourcecode.swift; path = LatestEventViewModel.swift; sourceTree = "<group>"; };
		6553CF8C21907CB30020EEC2 /* LatestEventEntityViewModel.swift */ = {isa = PBXFileReference; lastKnownFileType = sourcecode.swift; path = LatestEventEntityViewModel.swift; sourceTree = "<group>"; };
		6553CF9021907F9A0020EEC2 /* ViewModelDataLoader.swift */ = {isa = PBXFileReference; lastKnownFileType = sourcecode.swift; path = ViewModelDataLoader.swift; sourceTree = "<group>"; };
		6553CF922190890B0020EEC2 /* LatestEventView.swift */ = {isa = PBXFileReference; lastKnownFileType = sourcecode.swift; path = LatestEventView.swift; sourceTree = "<group>"; };
		6553CF94219089560020EEC2 /* DataLoadingView.swift */ = {isa = PBXFileReference; lastKnownFileType = sourcecode.swift; path = DataLoadingView.swift; sourceTree = "<group>"; };
		6566197221908BFA0068EA1B /* LatestEventEntityCollectionViewCell.swift */ = {isa = PBXFileReference; lastKnownFileType = sourcecode.swift; path = LatestEventEntityCollectionViewCell.swift; sourceTree = "<group>"; };
		6566197421908CE20068EA1B /* LatestEventViewController.swift */ = {isa = PBXFileReference; lastKnownFileType = sourcecode.swift; path = LatestEventViewController.swift; sourceTree = "<group>"; };
		65661977219092080068EA1B /* AlbumArtViewModel.swift */ = {isa = PBXFileReference; lastKnownFileType = sourcecode.swift; path = AlbumArtViewModel.swift; sourceTree = "<group>"; };
		656619792190969A0068EA1B /* AlbumCollectionViewCell.swift */ = {isa = PBXFileReference; lastKnownFileType = sourcecode.swift; path = AlbumCollectionViewCell.swift; sourceTree = "<group>"; };
		6566198B2190A7730068EA1B /* ScoresViewControllerProvider.swift */ = {isa = PBXFileReference; lastKnownFileType = sourcecode.swift; path = ScoresViewControllerProvider.swift; sourceTree = "<group>"; };
		6566198D2190A8910068EA1B /* ResourceLocator.swift */ = {isa = PBXFileReference; lastKnownFileType = sourcecode.swift; path = ResourceLocator.swift; sourceTree = "<group>"; };
		6566198F2190A9470068EA1B /* LatestEventViewControllerProvider.swift */ = {isa = PBXFileReference; lastKnownFileType = sourcecode.swift; path = LatestEventViewControllerProvider.swift; sourceTree = "<group>"; };
		656619922190ACCD0068EA1B /* SpotifyLaunchViewControllerProvider.swift */ = {isa = PBXFileReference; lastKnownFileType = sourcecode.swift; path = SpotifyLaunchViewControllerProvider.swift; sourceTree = "<group>"; };
		656619942190AFBF0068EA1B /* ForwardNavigatingViewController.swift */ = {isa = PBXFileReference; lastKnownFileType = sourcecode.swift; path = ForwardNavigatingViewController.swift; sourceTree = "<group>"; };
		656619962190BB5F0068EA1B /* ExternalAppLauncher.swift */ = {isa = PBXFileReference; lastKnownFileType = sourcecode.swift; path = ExternalAppLauncher.swift; sourceTree = "<group>"; };
		6589F77721A8641900D08A0A /* Madog.framework */ = {isa = PBXFileReference; lastKnownFileType = wrapper.framework; name = Madog.framework; path = Carthage/Build/iOS/Madog.framework; sourceTree = SOURCE_ROOT; };
		658AE762218DF75C002D4AE5 /* AverageColorProcessor.swift */ = {isa = PBXFileReference; lastKnownFileType = sourcecode.swift; path = AverageColorProcessor.swift; sourceTree = "<group>"; };
		658BD83122295CC3008E0EB1 /* ScoresViewModelTests.swift */ = {isa = PBXFileReference; lastKnownFileType = sourcecode.swift; path = ScoresViewModelTests.swift; sourceTree = "<group>"; };
		658BD83422295E3D008E0EB1 /* MockViewModelDataLoader.swift */ = {isa = PBXFileReference; lastKnownFileType = sourcecode.swift; path = MockViewModelDataLoader.swift; sourceTree = "<group>"; };
		658BD83F222967E1008E0EB1 /* MockImageLoader.swift */ = {isa = PBXFileReference; lastKnownFileType = sourcecode.swift; path = MockImageLoader.swift; sourceTree = "<group>"; };
		65981ABB227DDAD90094248E /* Provident.framework */ = {isa = PBXFileReference; lastKnownFileType = wrapper.framework; name = Provident.framework; path = Carthage/Build/iOS/Provident.framework; sourceTree = SOURCE_ROOT; };
		65981ABD227DDB060094248E /* MGMResolver.swift */ = {isa = PBXFileReference; lastKnownFileType = sourcecode.swift; path = MGMResolver.swift; sourceTree = "<group>"; };
		659DED6D219317F200226579 /* LatestEventLocationCollectionViewCell.swift */ = {isa = PBXFileReference; lastKnownFileType = sourcecode.swift; path = LatestEventLocationCollectionViewCell.swift; sourceTree = "<group>"; };
		659DED7021931FFF00226579 /* AppleMapsLaunchViewControllerProvider.swift */ = {isa = PBXFileReference; lastKnownFileType = sourcecode.swift; path = AppleMapsLaunchViewControllerProvider.swift; sourceTree = "<group>"; };
		65A4C3F921E25631000148EE /* TypedViewControllerProvider.swift */ = {isa = PBXFileReference; lastKnownFileType = sourcecode.swift; path = TypedViewControllerProvider.swift; sourceTree = "<group>"; };
		65BDAA8B2189F55C007E887B /* MusicGeekMonthly.app */ = {isa = PBXFileReference; explicitFileType = wrapper.application; includeInIndex = 0; path = MusicGeekMonthly.app; sourceTree = BUILT_PRODUCTS_DIR; };
		65BDAA8E2189F55C007E887B /* AppDelegate.swift */ = {isa = PBXFileReference; lastKnownFileType = sourcecode.swift; path = AppDelegate.swift; sourceTree = "<group>"; };
		65BDAA902189F55C007E887B /* ScoresViewController.swift */ = {isa = PBXFileReference; lastKnownFileType = sourcecode.swift; path = ScoresViewController.swift; sourceTree = "<group>"; };
		65BDAA952189F55D007E887B /* Assets.xcassets */ = {isa = PBXFileReference; lastKnownFileType = folder.assetcatalog; path = Assets.xcassets; sourceTree = "<group>"; };
		65BDAA982189F55D007E887B /* Base */ = {isa = PBXFileReference; lastKnownFileType = file.storyboard; name = Base; path = Base.lproj/LaunchScreen.storyboard; sourceTree = "<group>"; };
		65BDAA9A2189F55D007E887B /* Info.plist */ = {isa = PBXFileReference; lastKnownFileType = text.plist.xml; path = Info.plist; sourceTree = "<group>"; };
		65BDAA9F2189F55D007E887B /* MusicGeekMonthlyTests.xctest */ = {isa = PBXFileReference; explicitFileType = wrapper.cfbundle; includeInIndex = 0; path = MusicGeekMonthlyTests.xctest; sourceTree = BUILT_PRODUCTS_DIR; };
		65BDAAA52189F55D007E887B /* Info.plist */ = {isa = PBXFileReference; lastKnownFileType = text.plist.xml; path = Info.plist; sourceTree = "<group>"; };
		65BDAABE2189F69C007E887B /* DataLoader.swift */ = {isa = PBXFileReference; lastKnownFileType = sourcecode.swift; path = DataLoader.swift; sourceTree = "<group>"; };
		65BDAAC72189FDE9007E887B /* DateFormatter+Extensions.swift */ = {isa = PBXFileReference; lastKnownFileType = sourcecode.swift; path = "DateFormatter+Extensions.swift"; sourceTree = "<group>"; };
		65BDAAC92189FEF8007E887B /* Model.swift */ = {isa = PBXFileReference; lastKnownFileType = sourcecode.swift; path = Model.swift; sourceTree = "<group>"; };
		65BDAACE218A068E007E887B /* MockDataLoader.swift */ = {isa = PBXFileReference; lastKnownFileType = sourcecode.swift; path = MockDataLoader.swift; sourceTree = "<group>"; };
		65BDAAD7218A096A007E887B /* XCTestCase+Extensions.swift */ = {isa = PBXFileReference; lastKnownFileType = sourcecode.swift; path = "XCTestCase+Extensions.swift"; sourceTree = "<group>"; };
		65D2AD97218B3105002BB0C9 /* ScoresViewModel.swift */ = {isa = PBXFileReference; lastKnownFileType = sourcecode.swift; path = ScoresViewModel.swift; sourceTree = "<group>"; };
		65D2AD99218B330D002BB0C9 /* ScoreViewModel.swift */ = {isa = PBXFileReference; lastKnownFileType = sourcecode.swift; path = ScoreViewModel.swift; sourceTree = "<group>"; };
		65D2AD9B218B36DD002BB0C9 /* ImageLoader.swift */ = {isa = PBXFileReference; lastKnownFileType = sourcecode.swift; path = ImageLoader.swift; sourceTree = "<group>"; };
		65D2AD9D218B5143002BB0C9 /* ScoresView.swift */ = {isa = PBXFileReference; lastKnownFileType = sourcecode.swift; path = ScoresView.swift; sourceTree = "<group>"; };
		65D89F43221720A90075238E /* GCPDataConverterTests.swift */ = {isa = PBXFileReference; lastKnownFileType = sourcecode.swift; path = GCPDataConverterTests.swift; sourceTree = "<group>"; };
		65D89F46221721340075238E /* GoodData.json */ = {isa = PBXFileReference; lastKnownFileType = text.json; path = GoodData.json; sourceTree = "<group>"; };
		65E4374021A9C021001D9311 /* ViewModelDataLoaderServiceProvider.swift */ = {isa = PBXFileReference; lastKnownFileType = sourcecode.swift; path = ViewModelDataLoaderServiceProvider.swift; sourceTree = "<group>"; };
		65E485562199C78D00CCE895 /* GCPDataLoader.swift */ = {isa = PBXFileReference; lastKnownFileType = sourcecode.swift; path = GCPDataLoader.swift; sourceTree = "<group>"; };
		65E485582199C82A00CCE895 /* gcp.json */ = {isa = PBXFileReference; lastKnownFileType = text.json; path = gcp.json; sourceTree = "<group>"; };
		65E4855A2199C86400CCE895 /* GCPDataConverter.swift */ = {isa = PBXFileReference; lastKnownFileType = sourcecode.swift; path = GCPDataConverter.swift; sourceTree = "<group>"; };
		65E9AEB52191E09F001B36D6 /* URL+SpotifyExtensions.swift */ = {isa = PBXFileReference; lastKnownFileType = sourcecode.swift; path = "URL+SpotifyExtensions.swift"; sourceTree = "<group>"; };
		65EA1D5D219450C2001FF06E /* Secret.plist */ = {isa = PBXFileReference; fileEncoding = 4; lastKnownFileType = text.plist.xml; path = Secret.plist; sourceTree = "<group>"; };
/* End PBXFileReference section */

/* Begin PBXFrameworksBuildPhase section */
		65BDAA882189F55C007E887B /* Frameworks */ = {
			isa = PBXFrameworksBuildPhase;
			buildActionMask = 2147483647;
			files = (
				6589F77821A8641900D08A0A /* Madog.framework in Frameworks */,
				6528005D2193840D00100167 /* Crashlytics.framework in Frameworks */,
				65981ABC227DDADA0094248E /* Provident.framework in Frameworks */,
				6528005C2193840D00100167 /* Fabric.framework in Frameworks */,
			);
			runOnlyForDeploymentPostprocessing = 0;
		};
		65BDAA9C2189F55D007E887B /* Frameworks */ = {
			isa = PBXFrameworksBuildPhase;
			buildActionMask = 2147483647;
			files = (
			);
			runOnlyForDeploymentPostprocessing = 0;
		};
/* End PBXFrameworksBuildPhase section */

/* Begin PBXGroup section */
		6566197121908B6C0068EA1B /* Scaffolding */ = {
			isa = PBXGroup;
			children = (
				656619942190AFBF0068EA1B /* ForwardNavigatingViewController.swift */,
				6553CF94219089560020EEC2 /* DataLoadingView.swift */,
				6507A1FB218C8FE200C26202 /* FullWidthCollectionViewLayout.swift */,
				656619792190969A0068EA1B /* AlbumCollectionViewCell.swift */,
				6540A51C218C87010028B382 /* UIView+Extensions.swift */,
			);
			path = Scaffolding;
			sourceTree = "<group>";
		};
		65661976219091F60068EA1B /* Scaffolding */ = {
			isa = PBXGroup;
			children = (
				65661977219092080068EA1B /* AlbumArtViewModel.swift */,
			);
			path = Scaffolding;
			sourceTree = "<group>";
		};
		6566197C21909E750068EA1B /* Navigation */ = {
			isa = PBXGroup;
			children = (
				6566198D2190A8910068EA1B /* ResourceLocator.swift */,
			);
			path = Navigation;
			sourceTree = "<group>";
		};
		656619892190A7090068EA1B /* Scores */ = {
			isa = PBXGroup;
			children = (
				6566198B2190A7730068EA1B /* ScoresViewControllerProvider.swift */,
				65BDAA902189F55C007E887B /* ScoresViewController.swift */,
				65D2AD9D218B5143002BB0C9 /* ScoresView.swift */,
				6540A51A218C85260028B382 /* ScoresCollectionViewCell.swift */,
				65D2AD97218B3105002BB0C9 /* ScoresViewModel.swift */,
				65D2AD99218B330D002BB0C9 /* ScoreViewModel.swift */,
			);
			path = Scores;
			sourceTree = "<group>";
		};
		6566198A2190A7330068EA1B /* LatestEvent */ = {
			isa = PBXGroup;
			children = (
				6566198F2190A9470068EA1B /* LatestEventViewControllerProvider.swift */,
				6566197421908CE20068EA1B /* LatestEventViewController.swift */,
				6553CF922190890B0020EEC2 /* LatestEventView.swift */,
				6512F30321933D06004CD379 /* LatestEventCollectionSectionHeaderView.swift */,
				6566197221908BFA0068EA1B /* LatestEventEntityCollectionViewCell.swift */,
				659DED6D219317F200226579 /* LatestEventLocationCollectionViewCell.swift */,
				6553CF8A21907C4A0020EEC2 /* LatestEventViewModel.swift */,
				6553CF8C21907CB30020EEC2 /* LatestEventEntityViewModel.swift */,
			);
			path = LatestEvent;
			sourceTree = "<group>";
		};
		656619912190ACAE0068EA1B /* Spotify */ = {
			isa = PBXGroup;
			children = (
				656619922190ACCD0068EA1B /* SpotifyLaunchViewControllerProvider.swift */,
				656619962190BB5F0068EA1B /* ExternalAppLauncher.swift */,
			);
			path = Spotify;
			sourceTree = "<group>";
		};
		658BD83022295C9C008E0EB1 /* Scores */ = {
			isa = PBXGroup;
			children = (
				658BD83122295CC3008E0EB1 /* ScoresViewModelTests.swift */,
			);
			path = Scores;
			sourceTree = "<group>";
		};
		658BD83322295E10008E0EB1 /* ViewModel */ = {
			isa = PBXGroup;
			children = (
				658BD83422295E3D008E0EB1 /* MockViewModelDataLoader.swift */,
			);
			path = ViewModel;
			sourceTree = "<group>";
		};
		659DED6F21931FDE00226579 /* AppleMaps */ = {
			isa = PBXGroup;
			children = (
				659DED7021931FFF00226579 /* AppleMapsLaunchViewControllerProvider.swift */,
			);
			path = AppleMaps;
			sourceTree = "<group>";
		};
		65BDAA822189F55C007E887B = {
			isa = PBXGroup;
			children = (
				65BDAA8D2189F55C007E887B /* MusicGeekMonthly */,
				65BDAAA22189F55D007E887B /* MusicGeekMonthlyTests */,
				65BDAA8C2189F55C007E887B /* Products */,
			);
			sourceTree = "<group>";
		};
		65BDAA8C2189F55C007E887B /* Products */ = {
			isa = PBXGroup;
			children = (
				65BDAA8B2189F55C007E887B /* MusicGeekMonthly.app */,
				65BDAA9F2189F55D007E887B /* MusicGeekMonthlyTests.xctest */,
			);
			name = Products;
			sourceTree = "<group>";
		};
		65BDAA8D2189F55C007E887B /* MusicGeekMonthly */ = {
			isa = PBXGroup;
			children = (
				6566197C21909E750068EA1B /* Navigation */,
				65BDAABD2189F683007E887B /* DataLoader */,
				65BDAAC22189F97F007E887B /* Model */,
				65D2AD96218B30E7002BB0C9 /* View */,
				65D2AD95218B3015002BB0C9 /* ViewModel */,
				656619892190A7090068EA1B /* Scores */,
				6566198A2190A7330068EA1B /* LatestEvent */,
				656619912190ACAE0068EA1B /* Spotify */,
				659DED6F21931FDE00226579 /* AppleMaps */,
				65BDAA8E2189F55C007E887B /* AppDelegate.swift */,
				65981ABD227DDB060094248E /* MGMResolver.swift */,
				65BDAAC72189FDE9007E887B /* DateFormatter+Extensions.swift */,
				65E9AEB52191E09F001B36D6 /* URL+SpotifyExtensions.swift */,
				65BDAA952189F55D007E887B /* Assets.xcassets */,
				65BDAA972189F55D007E887B /* LaunchScreen.storyboard */,
				6589F77721A8641900D08A0A /* Madog.framework */,
				65981ABB227DDAD90094248E /* Provident.framework */,
				6528005B2193840D00100167 /* Crashlytics.framework */,
				6528005A2193840C00100167 /* Fabric.framework */,
				65BDAA9A2189F55D007E887B /* Info.plist */,
				65EA1D5D219450C2001FF06E /* Secret.plist */,
			);
			path = MusicGeekMonthly;
			sourceTree = "<group>";
		};
		65BDAAA22189F55D007E887B /* MusicGeekMonthlyTests */ = {
			isa = PBXGroup;
			children = (
				65BDAACB218A0610007E887B /* DataLoader */,
				658BD83322295E10008E0EB1 /* ViewModel */,
				658BD83022295C9C008E0EB1 /* Scores */,
				65BDAAA52189F55D007E887B /* Info.plist */,
				65BDAAD7218A096A007E887B /* XCTestCase+Extensions.swift */,
			);
			path = MusicGeekMonthlyTests;
			sourceTree = "<group>";
		};
		65BDAABD2189F683007E887B /* DataLoader */ = {
			isa = PBXGroup;
			children = (
				65BDAABE2189F69C007E887B /* DataLoader.swift */,
				65E485562199C78D00CCE895 /* GCPDataLoader.swift */,
				65E4855A2199C86400CCE895 /* GCPDataConverter.swift */,
				65E485582199C82A00CCE895 /* gcp.json */,
				65D2AD9B218B36DD002BB0C9 /* ImageLoader.swift */,
			);
			path = DataLoader;
			sourceTree = "<group>";
		};
		65BDAAC22189F97F007E887B /* Model */ = {
			isa = PBXGroup;
			children = (
				65BDAAC92189FEF8007E887B /* Model.swift */,
			);
			path = Model;
			sourceTree = "<group>";
		};
		65BDAACB218A0610007E887B /* DataLoader */ = {
			isa = PBXGroup;
			children = (
				65BDAACE218A068E007E887B /* MockDataLoader.swift */,
				658BD83F222967E1008E0EB1 /* MockImageLoader.swift */,
				65D89F43221720A90075238E /* GCPDataConverterTests.swift */,
				65D89F46221721340075238E /* GoodData.json */,
			);
			path = DataLoader;
			sourceTree = "<group>";
		};
		65D2AD95218B3015002BB0C9 /* ViewModel */ = {
			isa = PBXGroup;
			children = (
				65661976219091F60068EA1B /* Scaffolding */,
				6553CF9021907F9A0020EEC2 /* ViewModelDataLoader.swift */,
				65E4374021A9C021001D9311 /* ViewModelDataLoaderServiceProvider.swift */,
				65A4C3F921E25631000148EE /* TypedViewControllerProvider.swift */,
			);
			path = ViewModel;
			sourceTree = "<group>";
		};
		65D2AD96218B30E7002BB0C9 /* View */ = {
			isa = PBXGroup;
			children = (
				6566197121908B6C0068EA1B /* Scaffolding */,
				6512F30521934DEE004CD379 /* ErrorMessages.swift */,
				658AE762218DF75C002D4AE5 /* AverageColorProcessor.swift */,
			);
			path = View;
			sourceTree = "<group>";
		};
/* End PBXGroup section */

/* Begin PBXNativeTarget section */
		65BDAA8A2189F55C007E887B /* MusicGeekMonthly */ = {
			isa = PBXNativeTarget;
			buildConfigurationList = 65BDAAB32189F55D007E887B /* Build configuration list for PBXNativeTarget "MusicGeekMonthly" */;
			buildPhases = (
				6528005E2193861B00100167 /* Copy Plist */,
				65BDAA872189F55C007E887B /* Sources */,
				65BDAA882189F55C007E887B /* Frameworks */,
				65BDAA892189F55C007E887B /* Resources */,
				65C014D921A86CEC0064E845 /* Copy Carthage Frameworks */,
				652589C321938DE100B23275 /* Run Fabric */,
			);
			buildRules = (
			);
			dependencies = (
			);
			name = MusicGeekMonthly;
			productName = MusicGeekMonthlySwift;
			productReference = 65BDAA8B2189F55C007E887B /* MusicGeekMonthly.app */;
			productType = "com.apple.product-type.application";
		};
		65BDAA9E2189F55D007E887B /* MusicGeekMonthlyTests */ = {
			isa = PBXNativeTarget;
			buildConfigurationList = 65BDAAB62189F55D007E887B /* Build configuration list for PBXNativeTarget "MusicGeekMonthlyTests" */;
			buildPhases = (
				65BDAA9B2189F55D007E887B /* Sources */,
				65BDAA9C2189F55D007E887B /* Frameworks */,
				65BDAA9D2189F55D007E887B /* Resources */,
			);
			buildRules = (
			);
			dependencies = (
				65BDAAA12189F55D007E887B /* PBXTargetDependency */,
			);
			name = MusicGeekMonthlyTests;
			productName = MusicGeekMonthlySwiftTests;
			productReference = 65BDAA9F2189F55D007E887B /* MusicGeekMonthlyTests.xctest */;
			productType = "com.apple.product-type.bundle.unit-test";
		};
/* End PBXNativeTarget section */

/* Begin PBXProject section */
		65BDAA832189F55C007E887B /* Project object */ = {
			isa = PBXProject;
			attributes = {
				LastSwiftUpdateCheck = 1010;
				LastUpgradeCheck = 1010;
				ORGANIZATIONNAME = "Ceri Hughes";
				TargetAttributes = {
					65BDAA8A2189F55C007E887B = {
						CreatedOnToolsVersion = 10.1;
					};
					65BDAA9E2189F55D007E887B = {
						CreatedOnToolsVersion = 10.1;
					};
				};
			};
			buildConfigurationList = 65BDAA862189F55C007E887B /* Build configuration list for PBXProject "MusicGeekMonthlySwift" */;
			compatibilityVersion = "Xcode 9.3";
			developmentRegion = en;
			hasScannedForEncodings = 0;
			knownRegions = (
				en,
				Base,
			);
			mainGroup = 65BDAA822189F55C007E887B;
			productRefGroup = 65BDAA8C2189F55C007E887B /* Products */;
			projectDirPath = "";
			projectRoot = "";
			targets = (
				65BDAA8A2189F55C007E887B /* MusicGeekMonthly */,
				65BDAA9E2189F55D007E887B /* MusicGeekMonthlyTests */,
			);
		};
/* End PBXProject section */

/* Begin PBXResourcesBuildPhase section */
		65BDAA892189F55C007E887B /* Resources */ = {
			isa = PBXResourcesBuildPhase;
			buildActionMask = 2147483647;
			files = (
				65BDAA992189F55D007E887B /* LaunchScreen.storyboard in Resources */,
				65E485592199C82A00CCE895 /* gcp.json in Resources */,
				65BDAA962189F55D007E887B /* Assets.xcassets in Resources */,
			);
			runOnlyForDeploymentPostprocessing = 0;
		};
		65BDAA9D2189F55D007E887B /* Resources */ = {
			isa = PBXResourcesBuildPhase;
			buildActionMask = 2147483647;
			files = (
				65D89F47221721340075238E /* GoodData.json in Resources */,
			);
			runOnlyForDeploymentPostprocessing = 0;
		};
/* End PBXResourcesBuildPhase section */

/* Begin PBXShellScriptBuildPhase section */
		652589C321938DE100B23275 /* Run Fabric */ = {
			isa = PBXShellScriptBuildPhase;
			buildActionMask = 2147483647;
			files = (
			);
			inputFileListPaths = (
			);
			inputPaths = (
			);
			name = "Run Fabric";
			outputFileListPaths = (
			);
			outputPaths = (
			);
			runOnlyForDeploymentPostprocessing = 0;
			shellPath = /bin/sh;
			shellScript = "$PROJECT_DIR/BuildPhases/run-fabric.sh\n";
		};
		6528005E2193861B00100167 /* Copy Plist */ = {
			isa = PBXShellScriptBuildPhase;
			buildActionMask = 2147483647;
			files = (
			);
			inputFileListPaths = (
			);
			inputPaths = (
				$PROJECT_DIR/MusicGeekMonthly/Info.plist,
			);
			name = "Copy Plist";
			outputFileListPaths = (
			);
			outputPaths = (
				$PROJECT_DIR/MusicGeekMonthly/Secret.plist,
			);
			runOnlyForDeploymentPostprocessing = 0;
			shellPath = /bin/sh;
			shellScript = "$PROJECT_DIR/BuildPhases/copy-plist.sh\n";
		};
		65C014D921A86CEC0064E845 /* Copy Carthage Frameworks */ = {
			isa = PBXShellScriptBuildPhase;
			buildActionMask = 2147483647;
			files = (
			);
			inputFileListPaths = (
			);
			inputPaths = (
				"$(SRCROOT)/Carthage/Build/iOS/Provident.framework",
				"$(SRCROOT)/Carthage/Build/iOS/Madog.framework",
			);
			name = "Copy Carthage Frameworks";
			outputFileListPaths = (
			);
			outputPaths = (
				"$(DERIVED_FILE_DIR)/$(FRAMEWORKS_FOLDER_PATH)/Madog.framework",
			);
			runOnlyForDeploymentPostprocessing = 0;
			shellPath = /bin/sh;
			shellScript = "/usr/local/bin/carthage copy-frameworks\n";
		};
/* End PBXShellScriptBuildPhase section */

/* Begin PBXSourcesBuildPhase section */
		65BDAA872189F55C007E887B /* Sources */ = {
			isa = PBXSourcesBuildPhase;
			buildActionMask = 2147483647;
			files = (
				6553CF8D21907CB30020EEC2 /* LatestEventEntityViewModel.swift in Sources */,
				65E485572199C78D00CCE895 /* GCPDataLoader.swift in Sources */,
				65E9AEB62191E09F001B36D6 /* URL+SpotifyExtensions.swift in Sources */,
				6540A51D218C87010028B382 /* UIView+Extensions.swift in Sources */,
				65E4855B2199C86400CCE895 /* GCPDataConverter.swift in Sources */,
				656619932190ACCD0068EA1B /* SpotifyLaunchViewControllerProvider.swift in Sources */,
				65E4374121A9C021001D9311 /* ViewModelDataLoaderServiceProvider.swift in Sources */,
				6566197521908CE20068EA1B /* LatestEventViewController.swift in Sources */,
				6566198E2190A8910068EA1B /* ResourceLocator.swift in Sources */,
				6566197A2190969A0068EA1B /* AlbumCollectionViewCell.swift in Sources */,
				65D2AD9E218B5143002BB0C9 /* ScoresView.swift in Sources */,
				6512F30421933D06004CD379 /* LatestEventCollectionSectionHeaderView.swift in Sources */,
				6507A1FC218C8FE200C26202 /* FullWidthCollectionViewLayout.swift in Sources */,
				6553CF95219089560020EEC2 /* DataLoadingView.swift in Sources */,
				6512F30621934DEE004CD379 /* ErrorMessages.swift in Sources */,
				65D2AD9A218B330D002BB0C9 /* ScoreViewModel.swift in Sources */,
				6553CF932190890B0020EEC2 /* LatestEventView.swift in Sources */,
				656619972190BB5F0068EA1B /* ExternalAppLauncher.swift in Sources */,
				65BDAA912189F55C007E887B /* ScoresViewController.swift in Sources */,
				658AE763218DF75C002D4AE5 /* AverageColorProcessor.swift in Sources */,
				6553CF8B21907C4A0020EEC2 /* LatestEventViewModel.swift in Sources */,
				659DED7121931FFF00226579 /* AppleMapsLaunchViewControllerProvider.swift in Sources */,
				659DED6E219317F200226579 /* LatestEventLocationCollectionViewCell.swift in Sources */,
				6553CF9121907F9A0020EEC2 /* ViewModelDataLoader.swift in Sources */,
				65BDAAC82189FDE9007E887B /* DateFormatter+Extensions.swift in Sources */,
				65661978219092080068EA1B /* AlbumArtViewModel.swift in Sources */,
				656619902190A9470068EA1B /* LatestEventViewControllerProvider.swift in Sources */,
				6566198C2190A7730068EA1B /* ScoresViewControllerProvider.swift in Sources */,
				65D2AD9C218B36DD002BB0C9 /* ImageLoader.swift in Sources */,
				65BDAA8F2189F55C007E887B /* AppDelegate.swift in Sources */,
				65A4C3FA21E25631000148EE /* TypedViewControllerProvider.swift in Sources */,
				656619952190AFBF0068EA1B /* ForwardNavigatingViewController.swift in Sources */,
				65D2AD98218B3105002BB0C9 /* ScoresViewModel.swift in Sources */,
				6566197321908BFA0068EA1B /* LatestEventEntityCollectionViewCell.swift in Sources */,
				6540A51B218C85260028B382 /* ScoresCollectionViewCell.swift in Sources */,
				65BDAABF2189F69C007E887B /* DataLoader.swift in Sources */,
				65BDAACA2189FEF8007E887B /* Model.swift in Sources */,
				65981ABE227DDB060094248E /* MGMResolver.swift in Sources */,
			);
			runOnlyForDeploymentPostprocessing = 0;
		};
		65BDAA9B2189F55D007E887B /* Sources */ = {
			isa = PBXSourcesBuildPhase;
			buildActionMask = 2147483647;
			files = (
				658BD840222967E1008E0EB1 /* MockImageLoader.swift in Sources */,
				658BD83722296028008E0EB1 /* ViewModelDataLoader.swift in Sources */,
				658BD83222295CC3008E0EB1 /* ScoresViewModelTests.swift in Sources */,
				658BD83622296020008E0EB1 /* GCPDataConverter.swift in Sources */,
				658BD84522296901008E0EB1 /* URL+SpotifyExtensions.swift in Sources */,
				65BDAAD8218A096A007E887B /* XCTestCase+Extensions.swift in Sources */,
				658BD83822296030008E0EB1 /* DataLoader.swift in Sources */,
				658BD844222968F3008E0EB1 /* AlbumArtViewModel.swift in Sources */,
				658BD843222968E3008E0EB1 /* ScoreViewModel.swift in Sources */,
				658BD83A22296059008E0EB1 /* Model.swift in Sources */,
				658BD83522295E3D008E0EB1 /* MockViewModelDataLoader.swift in Sources */,
				65BDAACF218A068E007E887B /* MockDataLoader.swift in Sources */,
				658BD84222296851008E0EB1 /* ScoresViewModel.swift in Sources */,
				658BD83922296042008E0EB1 /* GCPDataLoader.swift in Sources */,
				658BD84622296913008E0EB1 /* ErrorMessages.swift in Sources */,
				658BD83B2229606D008E0EB1 /* DateFormatter+Extensions.swift in Sources */,
				65D89F44221720A90075238E /* GCPDataConverterTests.swift in Sources */,
				658BD841222967EC008E0EB1 /* ImageLoader.swift in Sources */,
			);
			runOnlyForDeploymentPostprocessing = 0;
		};
/* End PBXSourcesBuildPhase section */

/* Begin PBXTargetDependency section */
		65BDAAA12189F55D007E887B /* PBXTargetDependency */ = {
			isa = PBXTargetDependency;
			target = 65BDAA8A2189F55C007E887B /* MusicGeekMonthly */;
			targetProxy = 65BDAAA02189F55D007E887B /* PBXContainerItemProxy */;
		};
/* End PBXTargetDependency section */

/* Begin PBXVariantGroup section */
		65BDAA972189F55D007E887B /* LaunchScreen.storyboard */ = {
			isa = PBXVariantGroup;
			children = (
				65BDAA982189F55D007E887B /* Base */,
			);
			name = LaunchScreen.storyboard;
			sourceTree = "<group>";
		};
/* End PBXVariantGroup section */

/* Begin XCBuildConfiguration section */
		65BDAAB12189F55D007E887B /* Debug */ = {
			isa = XCBuildConfiguration;
			buildSettings = {
				ALWAYS_SEARCH_USER_PATHS = NO;
				CLANG_ANALYZER_NONNULL = YES;
				CLANG_ANALYZER_NUMBER_OBJECT_CONVERSION = YES_AGGRESSIVE;
				CLANG_CXX_LANGUAGE_STANDARD = "gnu++14";
				CLANG_CXX_LIBRARY = "libc++";
				CLANG_ENABLE_MODULES = YES;
				CLANG_ENABLE_OBJC_ARC = YES;
				CLANG_ENABLE_OBJC_WEAK = YES;
				CLANG_WARN_BLOCK_CAPTURE_AUTORELEASING = YES;
				CLANG_WARN_BOOL_CONVERSION = YES;
				CLANG_WARN_COMMA = YES;
				CLANG_WARN_CONSTANT_CONVERSION = YES;
				CLANG_WARN_DEPRECATED_OBJC_IMPLEMENTATIONS = YES;
				CLANG_WARN_DIRECT_OBJC_ISA_USAGE = YES_ERROR;
				CLANG_WARN_DOCUMENTATION_COMMENTS = YES;
				CLANG_WARN_EMPTY_BODY = YES;
				CLANG_WARN_ENUM_CONVERSION = YES;
				CLANG_WARN_INFINITE_RECURSION = YES;
				CLANG_WARN_INT_CONVERSION = YES;
				CLANG_WARN_NON_LITERAL_NULL_CONVERSION = YES;
				CLANG_WARN_OBJC_IMPLICIT_RETAIN_SELF = YES;
				CLANG_WARN_OBJC_LITERAL_CONVERSION = YES;
				CLANG_WARN_OBJC_ROOT_CLASS = YES_ERROR;
				CLANG_WARN_RANGE_LOOP_ANALYSIS = YES;
				CLANG_WARN_STRICT_PROTOTYPES = YES;
				CLANG_WARN_SUSPICIOUS_MOVE = YES;
				CLANG_WARN_UNGUARDED_AVAILABILITY = YES_AGGRESSIVE;
				CLANG_WARN_UNREACHABLE_CODE = YES;
				CLANG_WARN__DUPLICATE_METHOD_MATCH = YES;
				CODE_SIGN_IDENTITY = "iPhone Developer";
				COPY_PHASE_STRIP = NO;
				DEBUG_INFORMATION_FORMAT = dwarf;
				ENABLE_STRICT_OBJC_MSGSEND = YES;
				ENABLE_TESTABILITY = YES;
				GCC_C_LANGUAGE_STANDARD = gnu11;
				GCC_DYNAMIC_NO_PIC = NO;
				GCC_NO_COMMON_BLOCKS = YES;
				GCC_OPTIMIZATION_LEVEL = 0;
				GCC_PREPROCESSOR_DEFINITIONS = (
					"DEBUG=1",
					"$(inherited)",
				);
				GCC_WARN_64_TO_32_BIT_CONVERSION = YES;
				GCC_WARN_ABOUT_RETURN_TYPE = YES_ERROR;
				GCC_WARN_UNDECLARED_SELECTOR = YES;
				GCC_WARN_UNINITIALIZED_AUTOS = YES_AGGRESSIVE;
				GCC_WARN_UNUSED_FUNCTION = YES;
				GCC_WARN_UNUSED_VARIABLE = YES;
				IPHONEOS_DEPLOYMENT_TARGET = 11.0;
				MTL_ENABLE_DEBUG_INFO = INCLUDE_SOURCE;
				MTL_FAST_MATH = YES;
				ONLY_ACTIVE_ARCH = YES;
				SDKROOT = iphoneos;
				SWIFT_ACTIVE_COMPILATION_CONDITIONS = DEBUG;
				SWIFT_OPTIMIZATION_LEVEL = "-Onone";
			};
			name = Debug;
		};
		65BDAAB22189F55D007E887B /* Release */ = {
			isa = XCBuildConfiguration;
			buildSettings = {
				ALWAYS_SEARCH_USER_PATHS = NO;
				CLANG_ANALYZER_NONNULL = YES;
				CLANG_ANALYZER_NUMBER_OBJECT_CONVERSION = YES_AGGRESSIVE;
				CLANG_CXX_LANGUAGE_STANDARD = "gnu++14";
				CLANG_CXX_LIBRARY = "libc++";
				CLANG_ENABLE_MODULES = YES;
				CLANG_ENABLE_OBJC_ARC = YES;
				CLANG_ENABLE_OBJC_WEAK = YES;
				CLANG_WARN_BLOCK_CAPTURE_AUTORELEASING = YES;
				CLANG_WARN_BOOL_CONVERSION = YES;
				CLANG_WARN_COMMA = YES;
				CLANG_WARN_CONSTANT_CONVERSION = YES;
				CLANG_WARN_DEPRECATED_OBJC_IMPLEMENTATIONS = YES;
				CLANG_WARN_DIRECT_OBJC_ISA_USAGE = YES_ERROR;
				CLANG_WARN_DOCUMENTATION_COMMENTS = YES;
				CLANG_WARN_EMPTY_BODY = YES;
				CLANG_WARN_ENUM_CONVERSION = YES;
				CLANG_WARN_INFINITE_RECURSION = YES;
				CLANG_WARN_INT_CONVERSION = YES;
				CLANG_WARN_NON_LITERAL_NULL_CONVERSION = YES;
				CLANG_WARN_OBJC_IMPLICIT_RETAIN_SELF = YES;
				CLANG_WARN_OBJC_LITERAL_CONVERSION = YES;
				CLANG_WARN_OBJC_ROOT_CLASS = YES_ERROR;
				CLANG_WARN_RANGE_LOOP_ANALYSIS = YES;
				CLANG_WARN_STRICT_PROTOTYPES = YES;
				CLANG_WARN_SUSPICIOUS_MOVE = YES;
				CLANG_WARN_UNGUARDED_AVAILABILITY = YES_AGGRESSIVE;
				CLANG_WARN_UNREACHABLE_CODE = YES;
				CLANG_WARN__DUPLICATE_METHOD_MATCH = YES;
				CODE_SIGN_IDENTITY = "iPhone Developer";
				COPY_PHASE_STRIP = NO;
				DEBUG_INFORMATION_FORMAT = "dwarf-with-dsym";
				ENABLE_NS_ASSERTIONS = NO;
				ENABLE_STRICT_OBJC_MSGSEND = YES;
				GCC_C_LANGUAGE_STANDARD = gnu11;
				GCC_NO_COMMON_BLOCKS = YES;
				GCC_WARN_64_TO_32_BIT_CONVERSION = YES;
				GCC_WARN_ABOUT_RETURN_TYPE = YES_ERROR;
				GCC_WARN_UNDECLARED_SELECTOR = YES;
				GCC_WARN_UNINITIALIZED_AUTOS = YES_AGGRESSIVE;
				GCC_WARN_UNUSED_FUNCTION = YES;
				GCC_WARN_UNUSED_VARIABLE = YES;
				IPHONEOS_DEPLOYMENT_TARGET = 11.0;
				MTL_ENABLE_DEBUG_INFO = NO;
				MTL_FAST_MATH = YES;
				SDKROOT = iphoneos;
				SWIFT_COMPILATION_MODE = wholemodule;
				SWIFT_OPTIMIZATION_LEVEL = "-O";
				VALIDATE_PRODUCT = YES;
			};
			name = Release;
		};
		65BDAAB42189F55D007E887B /* Debug */ = {
			isa = XCBuildConfiguration;
			buildSettings = {
				ASSETCATALOG_COMPILER_APPICON_NAME = AppIcon;
				CODE_SIGN_STYLE = Automatic;
				DEBUG_INFORMATION_FORMAT = "dwarf-with-dsym";
				DEVELOPMENT_TEAM = Y56955G4Q8;
				FRAMEWORK_SEARCH_PATHS = (
					"$(inherited)",
					"$(PROJECT_DIR)/MusicGeekMonthly",
					"$(PROJECT_DIR)/Carthage/Build/iOS",
				);
				INFOPLIST_FILE = MusicGeekMonthly/Secret.plist;
				LD_RUNPATH_SEARCH_PATHS = (
					"$(inherited)",
					"@executable_path/Frameworks",
				);
				PRODUCT_BUNDLE_IDENTIFIER = "uk.co.cerihughes.Music-Geek-Monthly";
				PRODUCT_NAME = "$(TARGET_NAME)";
				SWIFT_VERSION = 4.2;
				TARGETED_DEVICE_FAMILY = "1,2";
			};
			name = Debug;
		};
		65BDAAB52189F55D007E887B /* Release */ = {
			isa = XCBuildConfiguration;
			buildSettings = {
				ASSETCATALOG_COMPILER_APPICON_NAME = AppIcon;
				CODE_SIGN_STYLE = Automatic;
				DEBUG_INFORMATION_FORMAT = "dwarf-with-dsym";
				DEVELOPMENT_TEAM = Y56955G4Q8;
				FRAMEWORK_SEARCH_PATHS = (
					"$(inherited)",
					"$(PROJECT_DIR)/MusicGeekMonthly",
					"$(PROJECT_DIR)/Carthage/Build/iOS",
				);
				INFOPLIST_FILE = MusicGeekMonthly/Secret.plist;
				LD_RUNPATH_SEARCH_PATHS = (
					"$(inherited)",
					"@executable_path/Frameworks",
				);
				PRODUCT_BUNDLE_IDENTIFIER = "uk.co.cerihughes.Music-Geek-Monthly";
				PRODUCT_NAME = "$(TARGET_NAME)";
				SWIFT_VERSION = 4.2;
				TARGETED_DEVICE_FAMILY = "1,2";
			};
			name = Release;
		};
		65BDAAB72189F55D007E887B /* Debug */ = {
			isa = XCBuildConfiguration;
			buildSettings = {
				ALWAYS_EMBED_SWIFT_STANDARD_LIBRARIES = YES;
				CODE_SIGN_STYLE = Automatic;
				DEVELOPMENT_TEAM = Y56955G4Q8;
				INFOPLIST_FILE = MusicGeekMonthlyTests/Info.plist;
				LD_RUNPATH_SEARCH_PATHS = (
					"$(inherited)",
					"@executable_path/Frameworks",
					"@loader_path/Frameworks",
				);
				PRODUCT_BUNDLE_IDENTIFIER = uk.co.cerihughes.MusicGeekMonthlyTests;
				PRODUCT_NAME = "$(TARGET_NAME)";
				SWIFT_VERSION = 4.2;
				TARGETED_DEVICE_FAMILY = "1,2";
			};
			name = Debug;
		};
		65BDAAB82189F55D007E887B /* Release */ = {
			isa = XCBuildConfiguration;
			buildSettings = {
				ALWAYS_EMBED_SWIFT_STANDARD_LIBRARIES = YES;
				CODE_SIGN_STYLE = Automatic;
				DEVELOPMENT_TEAM = Y56955G4Q8;
				INFOPLIST_FILE = MusicGeekMonthlyTests/Info.plist;
				LD_RUNPATH_SEARCH_PATHS = (
					"$(inherited)",
					"@executable_path/Frameworks",
					"@loader_path/Frameworks",
				);
				PRODUCT_BUNDLE_IDENTIFIER = uk.co.cerihughes.MusicGeekMonthlyTests;
				PRODUCT_NAME = "$(TARGET_NAME)";
				SWIFT_VERSION = 4.2;
				TARGETED_DEVICE_FAMILY = "1,2";
			};
			name = Release;
		};
/* End XCBuildConfiguration section */

/* Begin XCConfigurationList section */
		65BDAA862189F55C007E887B /* Build configuration list for PBXProject "MusicGeekMonthlySwift" */ = {
			isa = XCConfigurationList;
			buildConfigurations = (
				65BDAAB12189F55D007E887B /* Debug */,
				65BDAAB22189F55D007E887B /* Release */,
			);
			defaultConfigurationIsVisible = 0;
			defaultConfigurationName = Release;
		};
		65BDAAB32189F55D007E887B /* Build configuration list for PBXNativeTarget "MusicGeekMonthly" */ = {
			isa = XCConfigurationList;
			buildConfigurations = (
				65BDAAB42189F55D007E887B /* Debug */,
				65BDAAB52189F55D007E887B /* Release */,
			);
			defaultConfigurationIsVisible = 0;
			defaultConfigurationName = Release;
		};
		65BDAAB62189F55D007E887B /* Build configuration list for PBXNativeTarget "MusicGeekMonthlyTests" */ = {
			isa = XCConfigurationList;
			buildConfigurations = (
				65BDAAB72189F55D007E887B /* Debug */,
				65BDAAB82189F55D007E887B /* Release */,
			);
			defaultConfigurationIsVisible = 0;
			defaultConfigurationName = Release;
		};
/* End XCConfigurationList section */
	};
	rootObject = 65BDAA832189F55C007E887B /* Project object */;
}
